
Microsoft Visual Studio Solution File, Format Version 12.00
# Visual Studio Version 17
VisualStudioVersion = 17.2.32630.192
MinimumVisualStudioVersion = 10.0.40219.1
Project("{8BC9CEB8-8B4A-11D0-8D11-00A0C91BC942}") = "Bai 049", "Bai 049\Bai 049.vcxproj", "{BCC95683-9BBE-4295-A2A9-AE1DF5CD07D9}"
EndProject
Project("{8BC9CEB8-8B4A-11D0-8D11-00A0C91BC942}") = "Bai 050", "Bai 050\Bai 050.vcxproj", "{E65F051B-7EB0-415A-8CA8-6411801D1E84}"
EndProject
Project("{8BC9CEB8-8B4A-11D0-8D11-00A0C91BC942}") = "Bai 051", "Bai 051\Bai 051.vcxproj", "{B64B0DEA-C284-41EA-A31A-20AA814D08DD}"
EndProject
Project("{8BC9CEB8-8B4A-11D0-8D11-00A0C91BC942}") = "Bai 052", "Bai 052\Bai 052.vcxproj", "{68693CC7-6CB2-4AA6-ADCC-973314E19665}"
EndProject
Project("{8BC9CEB8-8B4A-11D0-8D11-00A0C91BC942}") = "Bai 053", "Bai 053\Bai 053.vcxproj", "{B9421D5E-6A63-4273-876F-5FF321D9A1D8}"
EndProject
Project("{8BC9CEB8-8B4A-11D0-8D11-00A0C91BC942}") = "Bai 133", "Bai 133\Bai 133.vcxproj", "{53E0DEEA-1BCB-4B24-99FD-EDE4092F425F}"
EndProject
Project("{8BC9CEB8-8B4A-11D0-8D11-00A0C91BC942}") = "Bai 132", "Bai 132\Bai 132.vcxproj", "{CC0E5169-58F7-431D-800F-86A692B029A0}"
EndProject
Project("{8BC9CEB8-8B4A-11D0-8D11-00A0C91BC942}") = "Bai 001", "Bai 001\Bai 001.vcxproj", "{F33328EF-68D0-420A-A402-6BEB62554D1C}"
EndProject
Project("{8BC9CEB8-8B4A-11D0-8D11-00A0C91BC942}") = "Bai 010", "Bai 010\Bai 010.vcxproj", "{AE3BDB3A-D4D9-4DE3-B335-CB55B50BB046}"
EndProject
Project("{8BC9CEB8-8B4A-11D0-8D11-00A0C91BC942}") = "Bai 090", "Bai 090\Bai 090.vcxproj", "{78BAE343-48DD-4FD5-B335-46DF21310F5B}"
EndProject
Project("{8BC9CEB8-8B4A-11D0-8D11-00A0C91BC942}") = "Bai 054", "Bai 054\Bai 054.vcxproj", "{C1B4673D-8F7B-4153-A73C-D930154EDFC4}"
EndProject
Project("{8BC9CEB8-8B4A-11D0-8D11-00A0C91BC942}") = "Bai 055", "Bai 055\Bai 055.vcxproj", "{A2B800B0-AECF-4C33-86E7-872AEA84BFD0}"
EndProject
Project("{8BC9CEB8-8B4A-11D0-8D11-00A0C91BC942}") = "Bai 056", "Bai 056\Bai 056.vcxproj", "{EE7D12B0-AD5D-4920-8A45-B24EC67CBEBA}"
EndProject
Project("{8BC9CEB8-8B4A-11D0-8D11-00A0C91BC942}") = "Bai 057", "Bai 057\Bai 057.vcxproj", "{4906AD9B-4B4F-4CAC-8FDB-D9CE261551BB}"
EndProject
Project("{8BC9CEB8-8B4A-11D0-8D11-00A0C91BC942}") = "Bai 058", "Bai 058\Bai 058.vcxproj", "{54994C13-1D3E-4828-B965-90B3F45C37D3}"
EndProject
Project("{8BC9CEB8-8B4A-11D0-8D11-00A0C91BC942}") = "Bai 059", "Bai 059\Bai 059.vcxproj", "{41EA001E-2D68-4A0C-A0EC-F5E7C6CC407A}"
EndProject
Project("{8BC9CEB8-8B4A-11D0-8D11-00A0C91BC942}") = "Bai 060", "Bai 060\Bai 060.vcxproj", "{A12833C2-71A1-4568-B557-72C44CD8C877}"
EndProject
Project("{8BC9CEB8-8B4A-11D0-8D11-00A0C91BC942}") = "Bai 061", "Bai 061\Bai 061.vcxproj", "{CE3722F5-4D3E-4DD1-A19C-03E73D46359D}"
EndProject
Project("{8BC9CEB8-8B4A-11D0-8D11-00A0C91BC942}") = "Bai 062", "Bai 062\Bai 062.vcxproj", "{401098B1-E0A2-491A-88C9-30C0F13B6903}"
EndProject
Project("{8BC9CEB8-8B4A-11D0-8D11-00A0C91BC942}") = "Bai 063", "Bai 063\Bai 063.vcxproj", "{C2253C8F-3243-437C-BB33-2093F967B316}"
EndProject
Project("{8BC9CEB8-8B4A-11D0-8D11-00A0C91BC942}") = "Bai 064", "Bai 064\Bai 064.vcxproj", "{3229F84E-B4A8-41EC-B983-4839EA709BE0}"
EndProject
Project("{8BC9CEB8-8B4A-11D0-8D11-00A0C91BC942}") = "Bai 065", "Bai 065\Bai 065.vcxproj", "{BBA64772-FFBE-4E9D-A6D0-4A0D6D9E6FE3}"
EndProject
Project("{8BC9CEB8-8B4A-11D0-8D11-00A0C91BC942}") = "Bai 066", "Bai 066\Bai 066.vcxproj", "{84CBDC07-3E25-4D7A-81B0-4A580C944BDE}"
EndProject
Project("{8BC9CEB8-8B4A-11D0-8D11-00A0C91BC942}") = "Bai 068", "Bai 068\Bai 068.vcxproj", "{4833764E-78FD-4FF2-A515-EAFCC300F831}"
EndProject
Project("{8BC9CEB8-8B4A-11D0-8D11-00A0C91BC942}") = "Bai 069", "Bai 069\Bai 069.vcxproj", "{41F14314-B792-4138-A67C-23628624D912}"
EndProject
Project("{8BC9CEB8-8B4A-11D0-8D11-00A0C91BC942}") = "Bai 070", "Bai 070\Bai 070.vcxproj", "{4BE3AA25-4061-4A7D-811E-FDABA07139C0}"
EndProject
Project("{8BC9CEB8-8B4A-11D0-8D11-00A0C91BC942}") = "Bai 071", "Bai 071\Bai 071.vcxproj", "{A3F27AE1-CEF1-4CA6-A307-B95F845D7449}"
EndProject
Project("{8BC9CEB8-8B4A-11D0-8D11-00A0C91BC942}") = "Bai 072", "Bai 072\Bai 072.vcxproj", "{9CF41069-BB36-491F-B144-66011145EC81}"
EndProject
Project("{8BC9CEB8-8B4A-11D0-8D11-00A0C91BC942}") = "Bai 073", "Bai 073\Bai 073.vcxproj", "{0B14E02B-866F-4AFE-85EB-474EE09535F3}"
EndProject
Project("{8BC9CEB8-8B4A-11D0-8D11-00A0C91BC942}") = "Bai 074", "Bai 074\Bai 074.vcxproj", "{AC7BA752-0653-4247-A7CA-EA948F95682A}"
EndProject
Project("{8BC9CEB8-8B4A-11D0-8D11-00A0C91BC942}") = "Bai 075", "Bai 075\Bai 075.vcxproj", "{2B780FAD-FDA3-4365-A9F5-8127C527A1FB}"
EndProject
Project("{8BC9CEB8-8B4A-11D0-8D11-00A0C91BC942}") = "Bai 076", "Bai 076\Bai 076.vcxproj", "{4FE07145-F661-4FE0-8232-584629174053}"
EndProject
Project("{8BC9CEB8-8B4A-11D0-8D11-00A0C91BC942}") = "Bai 077", "Bai 077\Bai 077.vcxproj", "{9AD44418-AA53-40CA-9D51-0DF3F80094BE}"
EndProject
Project("{8BC9CEB8-8B4A-11D0-8D11-00A0C91BC942}") = "Bai 078", "Bai 078\Bai 078.vcxproj", "{91AA3265-206A-41F2-96F5-C651DE3D937C}"
EndProject
Project("{8BC9CEB8-8B4A-11D0-8D11-00A0C91BC942}") = "Bai 079", "Bai 079\Bai 079.vcxproj", "{87F70B0B-29B8-4753-975E-C71340838CC2}"
EndProject
Project("{8BC9CEB8-8B4A-11D0-8D11-00A0C91BC942}") = "Bai 080", "Bai 080\Bai 080.vcxproj", "{22C6BD79-0844-4D94-8004-2648CCEC5E71}"
EndProject
Project("{8BC9CEB8-8B4A-11D0-8D11-00A0C91BC942}") = "Bai 002", "Bai 002\Bai 002.vcxproj", "{9DB0CAFE-E8EF-4D6F-8AAB-1A1F61F0AB5B}"
EndProject
Project("{8BC9CEB8-8B4A-11D0-8D11-00A0C91BC942}") = "Bai 003", "Bai 003\Bai 003.vcxproj", "{C8A2D5EC-8A66-4909-A9F9-B244F3998A0C}"
EndProject
Project("{8BC9CEB8-8B4A-11D0-8D11-00A0C91BC942}") = "Bai 004", "Bai 004\Bai 004.vcxproj", "{02C2B66D-ABB7-4881-AB0F-CA1C6F847242}"
EndProject
Project("{8BC9CEB8-8B4A-11D0-8D11-00A0C91BC942}") = "Bai 005", "Bai 005\Bai 005.vcxproj", "{C3061634-5897-4CFD-BC51-7A1404C14E0D}"
EndProject
Project("{8BC9CEB8-8B4A-11D0-8D11-00A0C91BC942}") = "Bai 006", "Bai 006\Bai 006.vcxproj", "{2EDB8684-4AA2-4600-98E8-6C02A66D7939}"
EndProject
Project("{8BC9CEB8-8B4A-11D0-8D11-00A0C91BC942}") = "Bai 007", "Bai 007\Bai 007.vcxproj", "{F60F1BD1-BA2A-4F9B-9C12-1EA062E8BAEC}"
EndProject
Project("{8BC9CEB8-8B4A-11D0-8D11-00A0C91BC942}") = "Bai 008", "Bai 008\Bai 008.vcxproj", "{2C09C14C-162A-48DA-96C8-1A7250738965}"
EndProject
Project("{8BC9CEB8-8B4A-11D0-8D11-00A0C91BC942}") = "Bai 009", "Bai 009\Bai 009.vcxproj", "{08760182-F150-453C-9F4A-4564CCF32A6F}"
EndProject
Project("{8BC9CEB8-8B4A-11D0-8D11-00A0C91BC942}") = "Bai 011", "Bai 011\Bai 011.vcxproj", "{F9FC0A55-771C-4E2E-B507-7A2A105AB8EF}"
EndProject
Project("{8BC9CEB8-8B4A-11D0-8D11-00A0C91BC942}") = "Bai 012", "Bai 012\Bai 012.vcxproj", "{EFE4A0EC-73F2-4932-8D1F-7381B6CC7F14}"
EndProject
Project("{8BC9CEB8-8B4A-11D0-8D11-00A0C91BC942}") = "Bai 013", "Bai 013\Bai 013.vcxproj", "{F3E9E9DD-D5D6-448A-B858-59C210250D39}"
EndProject
Project("{8BC9CEB8-8B4A-11D0-8D11-00A0C91BC942}") = "Bai 014", "Bai 014\Bai 014.vcxproj", "{43776D17-10DE-43D6-855A-9D36509300F9}"
EndProject
Project("{8BC9CEB8-8B4A-11D0-8D11-00A0C91BC942}") = "Bai 015", "Bai 015\Bai 015.vcxproj", "{E8346FFE-CBA0-4023-845D-64A0288A092F}"
EndProject
Project("{8BC9CEB8-8B4A-11D0-8D11-00A0C91BC942}") = "Bai 016", "Bai 016\Bai 016.vcxproj", "{9416AA23-DB39-4CD1-B98E-7524C80771C6}"
EndProject
Project("{8BC9CEB8-8B4A-11D0-8D11-00A0C91BC942}") = "Bai 017", "Bai 017\Bai 017.vcxproj", "{E1223EE5-7984-48FF-B829-15EC182876E0}"
EndProject
Project("{8BC9CEB8-8B4A-11D0-8D11-00A0C91BC942}") = "Bai 018", "Bai 018\Bai 018.vcxproj", "{22B32A3D-3529-4F7F-B5F9-BEEF8F20FC3A}"
EndProject
Project("{8BC9CEB8-8B4A-11D0-8D11-00A0C91BC942}") = "Bai 019", "Bai 019\Bai 019.vcxproj", "{FC30914B-76E9-4B4F-8BE0-B006497F7C93}"
EndProject
Project("{8BC9CEB8-8B4A-11D0-8D11-00A0C91BC942}") = "Bai 020", "Bai 020\Bai 020.vcxproj", "{852E709A-3EAB-4B26-96DE-793B9BB630DD}"
EndProject
Project("{8BC9CEB8-8B4A-11D0-8D11-00A0C91BC942}") = "Bai 021", "Bai_021\Bai_021.vcxproj", "{312E509C-6291-4EFE-B461-16922E3387ED}"
EndProject
Project("{8BC9CEB8-8B4A-11D0-8D11-00A0C91BC942}") = "Bai 022", "Bai 022\Bai 022.vcxproj", "{2685F913-16A2-4D37-B2CA-CB0CF3100B63}"
EndProject
Project("{8BC9CEB8-8B4A-11D0-8D11-00A0C91BC942}") = "Bai 023", "Bai 023\Bai 023.vcxproj", "{25A39BFB-28CD-42A8-AF29-FEA0CF40EA41}"
EndProject
Project("{8BC9CEB8-8B4A-11D0-8D11-00A0C91BC942}") = "Bai 024", "Bai 024\Bai 024.vcxproj", "{AADFBD99-B55B-4850-BEE8-3098C23E3C37}"
EndProject
Project("{8BC9CEB8-8B4A-11D0-8D11-00A0C91BC942}") = "Bai 025", "Bai 025\Bai 025.vcxproj", "{6700DE0B-4838-4FA8-849A-0E521D89B635}"
EndProject
Project("{8BC9CEB8-8B4A-11D0-8D11-00A0C91BC942}") = "Bai 026", "Bai 026\Bai 026.vcxproj", "{3E461EFB-2BDE-43A4-AD16-33D0074BCD19}"
EndProject
Project("{8BC9CEB8-8B4A-11D0-8D11-00A0C91BC942}") = "Bai 027", "Bai 027\Bai 027.vcxproj", "{D27318D0-AC2A-4206-AB47-E69DD3A434B2}"
EndProject
Project("{8BC9CEB8-8B4A-11D0-8D11-00A0C91BC942}") = "Bai 028", "Bai 028\Bai 028.vcxproj", "{A644A921-4C3A-422E-976A-B05B43B8F307}"
EndProject
Project("{8BC9CEB8-8B4A-11D0-8D11-00A0C91BC942}") = "Bai 029", "Bai 029\Bai 029.vcxproj", "{1A94A622-E1CB-4A11-8E7A-7DAD8744E0FD}"
EndProject
Project("{8BC9CEB8-8B4A-11D0-8D11-00A0C91BC942}") = "Bai 030", "Bai 030\Bai 030.vcxproj", "{361FFE47-302A-46CF-A074-3D76604EBD41}"
EndProject
Project("{8BC9CEB8-8B4A-11D0-8D11-00A0C91BC942}") = "Bai 031", "Bai 031\Bai 031.vcxproj", "{BECD5073-1613-4A5C-B7CB-5B7E437A7121}"
EndProject
Project("{8BC9CEB8-8B4A-11D0-8D11-00A0C91BC942}") = "Bai 032", "Bai 032\Bai 032.vcxproj", "{748BF9DE-7384-4C91-9EED-F0ADA17677A9}"
EndProject
Project("{8BC9CEB8-8B4A-11D0-8D11-00A0C91BC942}") = "Bai 033", "Bai 033\Bai 033.vcxproj", "{E1923304-7178-4E5A-A167-951DD6C008AE}"
EndProject
Project("{8BC9CEB8-8B4A-11D0-8D11-00A0C91BC942}") = "Bai 034", "Bai 034\Bai 034.vcxproj", "{5157F43D-8B5E-4632-AA70-854A47813E28}"
EndProject
Project("{8BC9CEB8-8B4A-11D0-8D11-00A0C91BC942}") = "Bai 035", "Bai 035\Bai 035.vcxproj", "{55843B9F-A780-4AE7-B605-094C288EBC8A}"
EndProject
Project("{8BC9CEB8-8B4A-11D0-8D11-00A0C91BC942}") = "Bai 036", "Bai 036\Bai 036.vcxproj", "{9CB205D7-F241-44A2-8BC0-339CEF34D166}"
EndProject
Project("{8BC9CEB8-8B4A-11D0-8D11-00A0C91BC942}") = "Bai 037", "Bai 037\Bai 037.vcxproj", "{BF10066C-8A9A-411B-B3BE-53B7820A8C45}"
EndProject
Project("{8BC9CEB8-8B4A-11D0-8D11-00A0C91BC942}") = "Bai 038", "Bai 038\Bai 038.vcxproj", "{1E8DE096-48E9-42F9-B013-461D39601D25}"
EndProject
Project("{8BC9CEB8-8B4A-11D0-8D11-00A0C91BC942}") = "Bai 039", "Bai 039\Bai 039.vcxproj", "{D5B70BE4-F14B-410F-8EA0-1B353CD89522}"
EndProject
Project("{8BC9CEB8-8B4A-11D0-8D11-00A0C91BC942}") = "Bai 040", "Bai 040\Bai 040.vcxproj", "{472C8C02-5CBC-418E-AD8F-568BDED4E70F}"
EndProject
Project("{8BC9CEB8-8B4A-11D0-8D11-00A0C91BC942}") = "Bai 041", "Bai 041\Bai 041.vcxproj", "{97BE9F83-DCF4-4A6F-9B8F-A6571E944AD9}"
EndProject
Project("{8BC9CEB8-8B4A-11D0-8D11-00A0C91BC942}") = "Bai 042", "Bai 042\Bai 042.vcxproj", "{9168492B-7F4B-40E5-8C89-7773A92EE77A}"
EndProject
Project("{8BC9CEB8-8B4A-11D0-8D11-00A0C91BC942}") = "Bai 043", "Bai 043\Bai 043.vcxproj", "{38F4ADBA-257F-42E2-B466-08998F68E2A5}"
EndProject
Project("{8BC9CEB8-8B4A-11D0-8D11-00A0C91BC942}") = "Bai 044", "Bai 044\Bai 044.vcxproj", "{ECB24CC7-FD49-44B7-ABD4-BCD11F5055C7}"
EndProject
Project("{8BC9CEB8-8B4A-11D0-8D11-00A0C91BC942}") = "Bai 045", "Bai 045\Bai 045.vcxproj", "{7913A2DF-F8B5-4DFD-9C9D-2C257D873557}"
EndProject
Project("{8BC9CEB8-8B4A-11D0-8D11-00A0C91BC942}") = "Bai 046", "Bai 046\Bai 046.vcxproj", "{BDC57FEB-53A8-4B71-8B9B-C328052C87D0}"
EndProject
Project("{8BC9CEB8-8B4A-11D0-8D11-00A0C91BC942}") = "Bai 047", "Bai 047\Bai 047.vcxproj", "{3E1EC7FA-BB27-4360-92D2-FF4633F34986}"
EndProject
Project("{8BC9CEB8-8B4A-11D0-8D11-00A0C91BC942}") = "Bai 048", "Bai 048\Bai 048.vcxproj", "{03F6DFD8-A6B9-4091-9040-B0B84C38C1F4}"
EndProject
Project("{8BC9CEB8-8B4A-11D0-8D11-00A0C91BC942}") = "Bai 091", "Bai 091\Bai 091.vcxproj", "{0658F833-FC91-4BA5-9969-83325517F531}"
EndProject
Project("{8BC9CEB8-8B4A-11D0-8D11-00A0C91BC942}") = "Bai 093", "Bai 093\Bai 093.vcxproj", "{316EA9C9-FE2C-453B-8EEC-805D6CE7896E}"
EndProject
Project("{8BC9CEB8-8B4A-11D0-8D11-00A0C91BC942}") = "Bai 092", "Bai 092\Bai 092.vcxproj", "{C9443DCC-C902-4CBB-869B-9BFF85013E92}"
EndProject
Global
	GlobalSection(SolutionConfigurationPlatforms) = preSolution
		Debug|x64 = Debug|x64
		Debug|x86 = Debug|x86
		Release|x64 = Release|x64
		Release|x86 = Release|x86
	EndGlobalSection
	GlobalSection(ProjectConfigurationPlatforms) = postSolution
		{BCC95683-9BBE-4295-A2A9-AE1DF5CD07D9}.Debug|x64.ActiveCfg = Debug|x64
		{BCC95683-9BBE-4295-A2A9-AE1DF5CD07D9}.Debug|x64.Build.0 = Debug|x64
		{BCC95683-9BBE-4295-A2A9-AE1DF5CD07D9}.Debug|x86.ActiveCfg = Debug|Win32
		{BCC95683-9BBE-4295-A2A9-AE1DF5CD07D9}.Debug|x86.Build.0 = Debug|Win32
		{BCC95683-9BBE-4295-A2A9-AE1DF5CD07D9}.Release|x64.ActiveCfg = Release|x64
		{BCC95683-9BBE-4295-A2A9-AE1DF5CD07D9}.Release|x64.Build.0 = Release|x64
		{BCC95683-9BBE-4295-A2A9-AE1DF5CD07D9}.Release|x86.ActiveCfg = Release|Win32
		{BCC95683-9BBE-4295-A2A9-AE1DF5CD07D9}.Release|x86.Build.0 = Release|Win32
		{E65F051B-7EB0-415A-8CA8-6411801D1E84}.Debug|x64.ActiveCfg = Debug|x64
		{E65F051B-7EB0-415A-8CA8-6411801D1E84}.Debug|x64.Build.0 = Debug|x64
		{E65F051B-7EB0-415A-8CA8-6411801D1E84}.Debug|x86.ActiveCfg = Debug|Win32
		{E65F051B-7EB0-415A-8CA8-6411801D1E84}.Debug|x86.Build.0 = Debug|Win32
		{E65F051B-7EB0-415A-8CA8-6411801D1E84}.Release|x64.ActiveCfg = Release|x64
		{E65F051B-7EB0-415A-8CA8-6411801D1E84}.Release|x64.Build.0 = Release|x64
		{E65F051B-7EB0-415A-8CA8-6411801D1E84}.Release|x86.ActiveCfg = Release|Win32
		{E65F051B-7EB0-415A-8CA8-6411801D1E84}.Release|x86.Build.0 = Release|Win32
		{B64B0DEA-C284-41EA-A31A-20AA814D08DD}.Debug|x64.ActiveCfg = Debug|x64
		{B64B0DEA-C284-41EA-A31A-20AA814D08DD}.Debug|x64.Build.0 = Debug|x64
		{B64B0DEA-C284-41EA-A31A-20AA814D08DD}.Debug|x86.ActiveCfg = Debug|Win32
		{B64B0DEA-C284-41EA-A31A-20AA814D08DD}.Debug|x86.Build.0 = Debug|Win32
		{B64B0DEA-C284-41EA-A31A-20AA814D08DD}.Release|x64.ActiveCfg = Release|x64
		{B64B0DEA-C284-41EA-A31A-20AA814D08DD}.Release|x64.Build.0 = Release|x64
		{B64B0DEA-C284-41EA-A31A-20AA814D08DD}.Release|x86.ActiveCfg = Release|Win32
		{B64B0DEA-C284-41EA-A31A-20AA814D08DD}.Release|x86.Build.0 = Release|Win32
		{68693CC7-6CB2-4AA6-ADCC-973314E19665}.Debug|x64.ActiveCfg = Debug|x64
		{68693CC7-6CB2-4AA6-ADCC-973314E19665}.Debug|x64.Build.0 = Debug|x64
		{68693CC7-6CB2-4AA6-ADCC-973314E19665}.Debug|x86.ActiveCfg = Debug|Win32
		{68693CC7-6CB2-4AA6-ADCC-973314E19665}.Debug|x86.Build.0 = Debug|Win32
		{68693CC7-6CB2-4AA6-ADCC-973314E19665}.Release|x64.ActiveCfg = Release|x64
		{68693CC7-6CB2-4AA6-ADCC-973314E19665}.Release|x64.Build.0 = Release|x64
		{68693CC7-6CB2-4AA6-ADCC-973314E19665}.Release|x86.ActiveCfg = Release|Win32
		{68693CC7-6CB2-4AA6-ADCC-973314E19665}.Release|x86.Build.0 = Release|Win32
		{B9421D5E-6A63-4273-876F-5FF321D9A1D8}.Debug|x64.ActiveCfg = Debug|x64
		{B9421D5E-6A63-4273-876F-5FF321D9A1D8}.Debug|x64.Build.0 = Debug|x64
		{B9421D5E-6A63-4273-876F-5FF321D9A1D8}.Debug|x86.ActiveCfg = Debug|Win32
		{B9421D5E-6A63-4273-876F-5FF321D9A1D8}.Debug|x86.Build.0 = Debug|Win32
		{B9421D5E-6A63-4273-876F-5FF321D9A1D8}.Release|x64.ActiveCfg = Release|x64
		{B9421D5E-6A63-4273-876F-5FF321D9A1D8}.Release|x64.Build.0 = Release|x64
		{B9421D5E-6A63-4273-876F-5FF321D9A1D8}.Release|x86.ActiveCfg = Release|Win32
		{B9421D5E-6A63-4273-876F-5FF321D9A1D8}.Release|x86.Build.0 = Release|Win32
		{53E0DEEA-1BCB-4B24-99FD-EDE4092F425F}.Debug|x64.ActiveCfg = Debug|x64
		{53E0DEEA-1BCB-4B24-99FD-EDE4092F425F}.Debug|x64.Build.0 = Debug|x64
		{53E0DEEA-1BCB-4B24-99FD-EDE4092F425F}.Debug|x86.ActiveCfg = Debug|Win32
		{53E0DEEA-1BCB-4B24-99FD-EDE4092F425F}.Debug|x86.Build.0 = Debug|Win32
		{53E0DEEA-1BCB-4B24-99FD-EDE4092F425F}.Release|x64.ActiveCfg = Release|x64
		{53E0DEEA-1BCB-4B24-99FD-EDE4092F425F}.Release|x64.Build.0 = Release|x64
		{53E0DEEA-1BCB-4B24-99FD-EDE4092F425F}.Release|x86.ActiveCfg = Release|Win32
		{53E0DEEA-1BCB-4B24-99FD-EDE4092F425F}.Release|x86.Build.0 = Release|Win32
		{CC0E5169-58F7-431D-800F-86A692B029A0}.Debug|x64.ActiveCfg = Debug|x64
		{CC0E5169-58F7-431D-800F-86A692B029A0}.Debug|x64.Build.0 = Debug|x64
		{CC0E5169-58F7-431D-800F-86A692B029A0}.Debug|x86.ActiveCfg = Debug|Win32
		{CC0E5169-58F7-431D-800F-86A692B029A0}.Debug|x86.Build.0 = Debug|Win32
		{CC0E5169-58F7-431D-800F-86A692B029A0}.Release|x64.ActiveCfg = Release|x64
		{CC0E5169-58F7-431D-800F-86A692B029A0}.Release|x64.Build.0 = Release|x64
		{CC0E5169-58F7-431D-800F-86A692B029A0}.Release|x86.ActiveCfg = Release|Win32
		{CC0E5169-58F7-431D-800F-86A692B029A0}.Release|x86.Build.0 = Release|Win32
		{F33328EF-68D0-420A-A402-6BEB62554D1C}.Debug|x64.ActiveCfg = Debug|x64
		{F33328EF-68D0-420A-A402-6BEB62554D1C}.Debug|x64.Build.0 = Debug|x64
		{F33328EF-68D0-420A-A402-6BEB62554D1C}.Debug|x86.ActiveCfg = Debug|Win32
		{F33328EF-68D0-420A-A402-6BEB62554D1C}.Debug|x86.Build.0 = Debug|Win32
		{F33328EF-68D0-420A-A402-6BEB62554D1C}.Release|x64.ActiveCfg = Release|x64
		{F33328EF-68D0-420A-A402-6BEB62554D1C}.Release|x64.Build.0 = Release|x64
		{F33328EF-68D0-420A-A402-6BEB62554D1C}.Release|x86.ActiveCfg = Release|Win32
		{F33328EF-68D0-420A-A402-6BEB62554D1C}.Release|x86.Build.0 = Release|Win32
		{AE3BDB3A-D4D9-4DE3-B335-CB55B50BB046}.Debug|x64.ActiveCfg = Debug|x64
		{AE3BDB3A-D4D9-4DE3-B335-CB55B50BB046}.Debug|x64.Build.0 = Debug|x64
		{AE3BDB3A-D4D9-4DE3-B335-CB55B50BB046}.Debug|x86.ActiveCfg = Debug|Win32
		{AE3BDB3A-D4D9-4DE3-B335-CB55B50BB046}.Debug|x86.Build.0 = Debug|Win32
		{AE3BDB3A-D4D9-4DE3-B335-CB55B50BB046}.Release|x64.ActiveCfg = Release|x64
		{AE3BDB3A-D4D9-4DE3-B335-CB55B50BB046}.Release|x64.Build.0 = Release|x64
		{AE3BDB3A-D4D9-4DE3-B335-CB55B50BB046}.Release|x86.ActiveCfg = Release|Win32
		{AE3BDB3A-D4D9-4DE3-B335-CB55B50BB046}.Release|x86.Build.0 = Release|Win32
		{78BAE343-48DD-4FD5-B335-46DF21310F5B}.Debug|x64.ActiveCfg = Debug|x64
		{78BAE343-48DD-4FD5-B335-46DF21310F5B}.Debug|x64.Build.0 = Debug|x64
		{78BAE343-48DD-4FD5-B335-46DF21310F5B}.Debug|x86.ActiveCfg = Debug|Win32
		{78BAE343-48DD-4FD5-B335-46DF21310F5B}.Debug|x86.Build.0 = Debug|Win32
		{78BAE343-48DD-4FD5-B335-46DF21310F5B}.Release|x64.ActiveCfg = Release|x64
		{78BAE343-48DD-4FD5-B335-46DF21310F5B}.Release|x64.Build.0 = Release|x64
		{78BAE343-48DD-4FD5-B335-46DF21310F5B}.Release|x86.ActiveCfg = Release|Win32
		{78BAE343-48DD-4FD5-B335-46DF21310F5B}.Release|x86.Build.0 = Release|Win32
		{C1B4673D-8F7B-4153-A73C-D930154EDFC4}.Debug|x64.ActiveCfg = Debug|x64
		{C1B4673D-8F7B-4153-A73C-D930154EDFC4}.Debug|x64.Build.0 = Debug|x64
		{C1B4673D-8F7B-4153-A73C-D930154EDFC4}.Debug|x86.ActiveCfg = Debug|Win32
		{C1B4673D-8F7B-4153-A73C-D930154EDFC4}.Debug|x86.Build.0 = Debug|Win32
		{C1B4673D-8F7B-4153-A73C-D930154EDFC4}.Release|x64.ActiveCfg = Release|x64
		{C1B4673D-8F7B-4153-A73C-D930154EDFC4}.Release|x64.Build.0 = Release|x64
		{C1B4673D-8F7B-4153-A73C-D930154EDFC4}.Release|x86.ActiveCfg = Release|Win32
		{C1B4673D-8F7B-4153-A73C-D930154EDFC4}.Release|x86.Build.0 = Release|Win32
		{A2B800B0-AECF-4C33-86E7-872AEA84BFD0}.Debug|x64.ActiveCfg = Debug|x64
		{A2B800B0-AECF-4C33-86E7-872AEA84BFD0}.Debug|x64.Build.0 = Debug|x64
		{A2B800B0-AECF-4C33-86E7-872AEA84BFD0}.Debug|x86.ActiveCfg = Debug|Win32
		{A2B800B0-AECF-4C33-86E7-872AEA84BFD0}.Debug|x86.Build.0 = Debug|Win32
		{A2B800B0-AECF-4C33-86E7-872AEA84BFD0}.Release|x64.ActiveCfg = Release|x64
		{A2B800B0-AECF-4C33-86E7-872AEA84BFD0}.Release|x64.Build.0 = Release|x64
		{A2B800B0-AECF-4C33-86E7-872AEA84BFD0}.Release|x86.ActiveCfg = Release|Win32
		{A2B800B0-AECF-4C33-86E7-872AEA84BFD0}.Release|x86.Build.0 = Release|Win32
		{EE7D12B0-AD5D-4920-8A45-B24EC67CBEBA}.Debug|x64.ActiveCfg = Debug|x64
		{EE7D12B0-AD5D-4920-8A45-B24EC67CBEBA}.Debug|x64.Build.0 = Debug|x64
		{EE7D12B0-AD5D-4920-8A45-B24EC67CBEBA}.Debug|x86.ActiveCfg = Debug|Win32
		{EE7D12B0-AD5D-4920-8A45-B24EC67CBEBA}.Debug|x86.Build.0 = Debug|Win32
		{EE7D12B0-AD5D-4920-8A45-B24EC67CBEBA}.Release|x64.ActiveCfg = Release|x64
		{EE7D12B0-AD5D-4920-8A45-B24EC67CBEBA}.Release|x64.Build.0 = Release|x64
		{EE7D12B0-AD5D-4920-8A45-B24EC67CBEBA}.Release|x86.ActiveCfg = Release|Win32
		{EE7D12B0-AD5D-4920-8A45-B24EC67CBEBA}.Release|x86.Build.0 = Release|Win32
		{4906AD9B-4B4F-4CAC-8FDB-D9CE261551BB}.Debug|x64.ActiveCfg = Debug|x64
		{4906AD9B-4B4F-4CAC-8FDB-D9CE261551BB}.Debug|x64.Build.0 = Debug|x64
		{4906AD9B-4B4F-4CAC-8FDB-D9CE261551BB}.Debug|x86.ActiveCfg = Debug|Win32
		{4906AD9B-4B4F-4CAC-8FDB-D9CE261551BB}.Debug|x86.Build.0 = Debug|Win32
		{4906AD9B-4B4F-4CAC-8FDB-D9CE261551BB}.Release|x64.ActiveCfg = Release|x64
		{4906AD9B-4B4F-4CAC-8FDB-D9CE261551BB}.Release|x64.Build.0 = Release|x64
		{4906AD9B-4B4F-4CAC-8FDB-D9CE261551BB}.Release|x86.ActiveCfg = Release|Win32
		{4906AD9B-4B4F-4CAC-8FDB-D9CE261551BB}.Release|x86.Build.0 = Release|Win32
		{54994C13-1D3E-4828-B965-90B3F45C37D3}.Debug|x64.ActiveCfg = Debug|x64
		{54994C13-1D3E-4828-B965-90B3F45C37D3}.Debug|x64.Build.0 = Debug|x64
		{54994C13-1D3E-4828-B965-90B3F45C37D3}.Debug|x86.ActiveCfg = Debug|Win32
		{54994C13-1D3E-4828-B965-90B3F45C37D3}.Debug|x86.Build.0 = Debug|Win32
		{54994C13-1D3E-4828-B965-90B3F45C37D3}.Release|x64.ActiveCfg = Release|x64
		{54994C13-1D3E-4828-B965-90B3F45C37D3}.Release|x64.Build.0 = Release|x64
		{54994C13-1D3E-4828-B965-90B3F45C37D3}.Release|x86.ActiveCfg = Release|Win32
		{54994C13-1D3E-4828-B965-90B3F45C37D3}.Release|x86.Build.0 = Release|Win32
		{41EA001E-2D68-4A0C-A0EC-F5E7C6CC407A}.Debug|x64.ActiveCfg = Debug|x64
		{41EA001E-2D68-4A0C-A0EC-F5E7C6CC407A}.Debug|x64.Build.0 = Debug|x64
		{41EA001E-2D68-4A0C-A0EC-F5E7C6CC407A}.Debug|x86.ActiveCfg = Debug|Win32
		{41EA001E-2D68-4A0C-A0EC-F5E7C6CC407A}.Debug|x86.Build.0 = Debug|Win32
		{41EA001E-2D68-4A0C-A0EC-F5E7C6CC407A}.Release|x64.ActiveCfg = Release|x64
		{41EA001E-2D68-4A0C-A0EC-F5E7C6CC407A}.Release|x64.Build.0 = Release|x64
		{41EA001E-2D68-4A0C-A0EC-F5E7C6CC407A}.Release|x86.ActiveCfg = Release|Win32
		{41EA001E-2D68-4A0C-A0EC-F5E7C6CC407A}.Release|x86.Build.0 = Release|Win32
		{A12833C2-71A1-4568-B557-72C44CD8C877}.Debug|x64.ActiveCfg = Debug|x64
		{A12833C2-71A1-4568-B557-72C44CD8C877}.Debug|x64.Build.0 = Debug|x64
		{A12833C2-71A1-4568-B557-72C44CD8C877}.Debug|x86.ActiveCfg = Debug|Win32
		{A12833C2-71A1-4568-B557-72C44CD8C877}.Debug|x86.Build.0 = Debug|Win32
		{A12833C2-71A1-4568-B557-72C44CD8C877}.Release|x64.ActiveCfg = Release|x64
		{A12833C2-71A1-4568-B557-72C44CD8C877}.Release|x64.Build.0 = Release|x64
		{A12833C2-71A1-4568-B557-72C44CD8C877}.Release|x86.ActiveCfg = Release|Win32
		{A12833C2-71A1-4568-B557-72C44CD8C877}.Release|x86.Build.0 = Release|Win32
		{CE3722F5-4D3E-4DD1-A19C-03E73D46359D}.Debug|x64.ActiveCfg = Debug|x64
		{CE3722F5-4D3E-4DD1-A19C-03E73D46359D}.Debug|x64.Build.0 = Debug|x64
		{CE3722F5-4D3E-4DD1-A19C-03E73D46359D}.Debug|x86.ActiveCfg = Debug|Win32
		{CE3722F5-4D3E-4DD1-A19C-03E73D46359D}.Debug|x86.Build.0 = Debug|Win32
		{CE3722F5-4D3E-4DD1-A19C-03E73D46359D}.Release|x64.ActiveCfg = Release|x64
		{CE3722F5-4D3E-4DD1-A19C-03E73D46359D}.Release|x64.Build.0 = Release|x64
		{CE3722F5-4D3E-4DD1-A19C-03E73D46359D}.Release|x86.ActiveCfg = Release|Win32
		{CE3722F5-4D3E-4DD1-A19C-03E73D46359D}.Release|x86.Build.0 = Release|Win32
		{401098B1-E0A2-491A-88C9-30C0F13B6903}.Debug|x64.ActiveCfg = Debug|x64
		{401098B1-E0A2-491A-88C9-30C0F13B6903}.Debug|x64.Build.0 = Debug|x64
		{401098B1-E0A2-491A-88C9-30C0F13B6903}.Debug|x86.ActiveCfg = Debug|Win32
		{401098B1-E0A2-491A-88C9-30C0F13B6903}.Debug|x86.Build.0 = Debug|Win32
		{401098B1-E0A2-491A-88C9-30C0F13B6903}.Release|x64.ActiveCfg = Release|x64
		{401098B1-E0A2-491A-88C9-30C0F13B6903}.Release|x64.Build.0 = Release|x64
		{401098B1-E0A2-491A-88C9-30C0F13B6903}.Release|x86.ActiveCfg = Release|Win32
		{401098B1-E0A2-491A-88C9-30C0F13B6903}.Release|x86.Build.0 = Release|Win32
		{C2253C8F-3243-437C-BB33-2093F967B316}.Debug|x64.ActiveCfg = Debug|x64
		{C2253C8F-3243-437C-BB33-2093F967B316}.Debug|x64.Build.0 = Debug|x64
		{C2253C8F-3243-437C-BB33-2093F967B316}.Debug|x86.ActiveCfg = Debug|Win32
		{C2253C8F-3243-437C-BB33-2093F967B316}.Debug|x86.Build.0 = Debug|Win32
		{C2253C8F-3243-437C-BB33-2093F967B316}.Release|x64.ActiveCfg = Release|x64
		{C2253C8F-3243-437C-BB33-2093F967B316}.Release|x64.Build.0 = Release|x64
		{C2253C8F-3243-437C-BB33-2093F967B316}.Release|x86.ActiveCfg = Release|Win32
		{C2253C8F-3243-437C-BB33-2093F967B316}.Release|x86.Build.0 = Release|Win32
		{3229F84E-B4A8-41EC-B983-4839EA709BE0}.Debug|x64.ActiveCfg = Debug|x64
		{3229F84E-B4A8-41EC-B983-4839EA709BE0}.Debug|x64.Build.0 = Debug|x64
		{3229F84E-B4A8-41EC-B983-4839EA709BE0}.Debug|x86.ActiveCfg = Debug|Win32
		{3229F84E-B4A8-41EC-B983-4839EA709BE0}.Debug|x86.Build.0 = Debug|Win32
		{3229F84E-B4A8-41EC-B983-4839EA709BE0}.Release|x64.ActiveCfg = Release|x64
		{3229F84E-B4A8-41EC-B983-4839EA709BE0}.Release|x64.Build.0 = Release|x64
		{3229F84E-B4A8-41EC-B983-4839EA709BE0}.Release|x86.ActiveCfg = Release|Win32
		{3229F84E-B4A8-41EC-B983-4839EA709BE0}.Release|x86.Build.0 = Release|Win32
		{BBA64772-FFBE-4E9D-A6D0-4A0D6D9E6FE3}.Debug|x64.ActiveCfg = Debug|x64
		{BBA64772-FFBE-4E9D-A6D0-4A0D6D9E6FE3}.Debug|x64.Build.0 = Debug|x64
		{BBA64772-FFBE-4E9D-A6D0-4A0D6D9E6FE3}.Debug|x86.ActiveCfg = Debug|Win32
		{BBA64772-FFBE-4E9D-A6D0-4A0D6D9E6FE3}.Debug|x86.Build.0 = Debug|Win32
		{BBA64772-FFBE-4E9D-A6D0-4A0D6D9E6FE3}.Release|x64.ActiveCfg = Release|x64
		{BBA64772-FFBE-4E9D-A6D0-4A0D6D9E6FE3}.Release|x64.Build.0 = Release|x64
		{BBA64772-FFBE-4E9D-A6D0-4A0D6D9E6FE3}.Release|x86.ActiveCfg = Release|Win32
		{BBA64772-FFBE-4E9D-A6D0-4A0D6D9E6FE3}.Release|x86.Build.0 = Release|Win32
		{84CBDC07-3E25-4D7A-81B0-4A580C944BDE}.Debug|x64.ActiveCfg = Debug|x64
		{84CBDC07-3E25-4D7A-81B0-4A580C944BDE}.Debug|x64.Build.0 = Debug|x64
		{84CBDC07-3E25-4D7A-81B0-4A580C944BDE}.Debug|x86.ActiveCfg = Debug|Win32
		{84CBDC07-3E25-4D7A-81B0-4A580C944BDE}.Debug|x86.Build.0 = Debug|Win32
		{84CBDC07-3E25-4D7A-81B0-4A580C944BDE}.Release|x64.ActiveCfg = Release|x64
		{84CBDC07-3E25-4D7A-81B0-4A580C944BDE}.Release|x64.Build.0 = Release|x64
		{84CBDC07-3E25-4D7A-81B0-4A580C944BDE}.Release|x86.ActiveCfg = Release|Win32
		{84CBDC07-3E25-4D7A-81B0-4A580C944BDE}.Release|x86.Build.0 = Release|Win32
		{4833764E-78FD-4FF2-A515-EAFCC300F831}.Debug|x64.ActiveCfg = Debug|x64
		{4833764E-78FD-4FF2-A515-EAFCC300F831}.Debug|x64.Build.0 = Debug|x64
		{4833764E-78FD-4FF2-A515-EAFCC300F831}.Debug|x86.ActiveCfg = Debug|Win32
		{4833764E-78FD-4FF2-A515-EAFCC300F831}.Debug|x86.Build.0 = Debug|Win32
		{4833764E-78FD-4FF2-A515-EAFCC300F831}.Release|x64.ActiveCfg = Release|x64
		{4833764E-78FD-4FF2-A515-EAFCC300F831}.Release|x64.Build.0 = Release|x64
		{4833764E-78FD-4FF2-A515-EAFCC300F831}.Release|x86.ActiveCfg = Release|Win32
		{4833764E-78FD-4FF2-A515-EAFCC300F831}.Release|x86.Build.0 = Release|Win32
		{41F14314-B792-4138-A67C-23628624D912}.Debug|x64.ActiveCfg = Debug|x64
		{41F14314-B792-4138-A67C-23628624D912}.Debug|x64.Build.0 = Debug|x64
		{41F14314-B792-4138-A67C-23628624D912}.Debug|x86.ActiveCfg = Debug|Win32
		{41F14314-B792-4138-A67C-23628624D912}.Debug|x86.Build.0 = Debug|Win32
		{41F14314-B792-4138-A67C-23628624D912}.Release|x64.ActiveCfg = Release|x64
		{41F14314-B792-4138-A67C-23628624D912}.Release|x64.Build.0 = Release|x64
		{41F14314-B792-4138-A67C-23628624D912}.Release|x86.ActiveCfg = Release|Win32
		{41F14314-B792-4138-A67C-23628624D912}.Release|x86.Build.0 = Release|Win32
		{4BE3AA25-4061-4A7D-811E-FDABA07139C0}.Debug|x64.ActiveCfg = Debug|x64
		{4BE3AA25-4061-4A7D-811E-FDABA07139C0}.Debug|x64.Build.0 = Debug|x64
		{4BE3AA25-4061-4A7D-811E-FDABA07139C0}.Debug|x86.ActiveCfg = Debug|Win32
		{4BE3AA25-4061-4A7D-811E-FDABA07139C0}.Debug|x86.Build.0 = Debug|Win32
		{4BE3AA25-4061-4A7D-811E-FDABA07139C0}.Release|x64.ActiveCfg = Release|x64
		{4BE3AA25-4061-4A7D-811E-FDABA07139C0}.Release|x64.Build.0 = Release|x64
		{4BE3AA25-4061-4A7D-811E-FDABA07139C0}.Release|x86.ActiveCfg = Release|Win32
		{4BE3AA25-4061-4A7D-811E-FDABA07139C0}.Release|x86.Build.0 = Release|Win32
		{A3F27AE1-CEF1-4CA6-A307-B95F845D7449}.Debug|x64.ActiveCfg = Debug|x64
		{A3F27AE1-CEF1-4CA6-A307-B95F845D7449}.Debug|x64.Build.0 = Debug|x64
		{A3F27AE1-CEF1-4CA6-A307-B95F845D7449}.Debug|x86.ActiveCfg = Debug|Win32
		{A3F27AE1-CEF1-4CA6-A307-B95F845D7449}.Debug|x86.Build.0 = Debug|Win32
		{A3F27AE1-CEF1-4CA6-A307-B95F845D7449}.Release|x64.ActiveCfg = Release|x64
		{A3F27AE1-CEF1-4CA6-A307-B95F845D7449}.Release|x64.Build.0 = Release|x64
		{A3F27AE1-CEF1-4CA6-A307-B95F845D7449}.Release|x86.ActiveCfg = Release|Win32
		{A3F27AE1-CEF1-4CA6-A307-B95F845D7449}.Release|x86.Build.0 = Release|Win32
		{9CF41069-BB36-491F-B144-66011145EC81}.Debug|x64.ActiveCfg = Debug|x64
		{9CF41069-BB36-491F-B144-66011145EC81}.Debug|x64.Build.0 = Debug|x64
		{9CF41069-BB36-491F-B144-66011145EC81}.Debug|x86.ActiveCfg = Debug|Win32
		{9CF41069-BB36-491F-B144-66011145EC81}.Debug|x86.Build.0 = Debug|Win32
		{9CF41069-BB36-491F-B144-66011145EC81}.Release|x64.ActiveCfg = Release|x64
		{9CF41069-BB36-491F-B144-66011145EC81}.Release|x64.Build.0 = Release|x64
		{9CF41069-BB36-491F-B144-66011145EC81}.Release|x86.ActiveCfg = Release|Win32
		{9CF41069-BB36-491F-B144-66011145EC81}.Release|x86.Build.0 = Release|Win32
		{0B14E02B-866F-4AFE-85EB-474EE09535F3}.Debug|x64.ActiveCfg = Debug|x64
		{0B14E02B-866F-4AFE-85EB-474EE09535F3}.Debug|x64.Build.0 = Debug|x64
		{0B14E02B-866F-4AFE-85EB-474EE09535F3}.Debug|x86.ActiveCfg = Debug|Win32
		{0B14E02B-866F-4AFE-85EB-474EE09535F3}.Debug|x86.Build.0 = Debug|Win32
		{0B14E02B-866F-4AFE-85EB-474EE09535F3}.Release|x64.ActiveCfg = Release|x64
		{0B14E02B-866F-4AFE-85EB-474EE09535F3}.Release|x64.Build.0 = Release|x64
		{0B14E02B-866F-4AFE-85EB-474EE09535F3}.Release|x86.ActiveCfg = Release|Win32
		{0B14E02B-866F-4AFE-85EB-474EE09535F3}.Release|x86.Build.0 = Release|Win32
		{AC7BA752-0653-4247-A7CA-EA948F95682A}.Debug|x64.ActiveCfg = Debug|x64
		{AC7BA752-0653-4247-A7CA-EA948F95682A}.Debug|x64.Build.0 = Debug|x64
		{AC7BA752-0653-4247-A7CA-EA948F95682A}.Debug|x86.ActiveCfg = Debug|Win32
		{AC7BA752-0653-4247-A7CA-EA948F95682A}.Debug|x86.Build.0 = Debug|Win32
		{AC7BA752-0653-4247-A7CA-EA948F95682A}.Release|x64.ActiveCfg = Release|x64
		{AC7BA752-0653-4247-A7CA-EA948F95682A}.Release|x64.Build.0 = Release|x64
		{AC7BA752-0653-4247-A7CA-EA948F95682A}.Release|x86.ActiveCfg = Release|Win32
		{AC7BA752-0653-4247-A7CA-EA948F95682A}.Release|x86.Build.0 = Release|Win32
		{2B780FAD-FDA3-4365-A9F5-8127C527A1FB}.Debug|x64.ActiveCfg = Debug|x64
		{2B780FAD-FDA3-4365-A9F5-8127C527A1FB}.Debug|x64.Build.0 = Debug|x64
		{2B780FAD-FDA3-4365-A9F5-8127C527A1FB}.Debug|x86.ActiveCfg = Debug|Win32
		{2B780FAD-FDA3-4365-A9F5-8127C527A1FB}.Debug|x86.Build.0 = Debug|Win32
		{2B780FAD-FDA3-4365-A9F5-8127C527A1FB}.Release|x64.ActiveCfg = Release|x64
		{2B780FAD-FDA3-4365-A9F5-8127C527A1FB}.Release|x64.Build.0 = Release|x64
		{2B780FAD-FDA3-4365-A9F5-8127C527A1FB}.Release|x86.ActiveCfg = Release|Win32
		{2B780FAD-FDA3-4365-A9F5-8127C527A1FB}.Release|x86.Build.0 = Release|Win32
		{4FE07145-F661-4FE0-8232-584629174053}.Debug|x64.ActiveCfg = Debug|x64
		{4FE07145-F661-4FE0-8232-584629174053}.Debug|x64.Build.0 = Debug|x64
		{4FE07145-F661-4FE0-8232-584629174053}.Debug|x86.ActiveCfg = Debug|Win32
		{4FE07145-F661-4FE0-8232-584629174053}.Debug|x86.Build.0 = Debug|Win32
		{4FE07145-F661-4FE0-8232-584629174053}.Release|x64.ActiveCfg = Release|x64
		{4FE07145-F661-4FE0-8232-584629174053}.Release|x64.Build.0 = Release|x64
		{4FE07145-F661-4FE0-8232-584629174053}.Release|x86.ActiveCfg = Release|Win32
		{4FE07145-F661-4FE0-8232-584629174053}.Release|x86.Build.0 = Release|Win32
		{9AD44418-AA53-40CA-9D51-0DF3F80094BE}.Debug|x64.ActiveCfg = Debug|x64
		{9AD44418-AA53-40CA-9D51-0DF3F80094BE}.Debug|x64.Build.0 = Debug|x64
		{9AD44418-AA53-40CA-9D51-0DF3F80094BE}.Debug|x86.ActiveCfg = Debug|Win32
		{9AD44418-AA53-40CA-9D51-0DF3F80094BE}.Debug|x86.Build.0 = Debug|Win32
		{9AD44418-AA53-40CA-9D51-0DF3F80094BE}.Release|x64.ActiveCfg = Release|x64
		{9AD44418-AA53-40CA-9D51-0DF3F80094BE}.Release|x64.Build.0 = Release|x64
		{9AD44418-AA53-40CA-9D51-0DF3F80094BE}.Release|x86.ActiveCfg = Release|Win32
		{9AD44418-AA53-40CA-9D51-0DF3F80094BE}.Release|x86.Build.0 = Release|Win32
		{91AA3265-206A-41F2-96F5-C651DE3D937C}.Debug|x64.ActiveCfg = Debug|x64
		{91AA3265-206A-41F2-96F5-C651DE3D937C}.Debug|x64.Build.0 = Debug|x64
		{91AA3265-206A-41F2-96F5-C651DE3D937C}.Debug|x86.ActiveCfg = Debug|Win32
		{91AA3265-206A-41F2-96F5-C651DE3D937C}.Debug|x86.Build.0 = Debug|Win32
		{91AA3265-206A-41F2-96F5-C651DE3D937C}.Release|x64.ActiveCfg = Release|x64
		{91AA3265-206A-41F2-96F5-C651DE3D937C}.Release|x64.Build.0 = Release|x64
		{91AA3265-206A-41F2-96F5-C651DE3D937C}.Release|x86.ActiveCfg = Release|Win32
		{91AA3265-206A-41F2-96F5-C651DE3D937C}.Release|x86.Build.0 = Release|Win32
		{87F70B0B-29B8-4753-975E-C71340838CC2}.Debug|x64.ActiveCfg = Debug|x64
		{87F70B0B-29B8-4753-975E-C71340838CC2}.Debug|x64.Build.0 = Debug|x64
		{87F70B0B-29B8-4753-975E-C71340838CC2}.Debug|x86.ActiveCfg = Debug|Win32
		{87F70B0B-29B8-4753-975E-C71340838CC2}.Debug|x86.Build.0 = Debug|Win32
		{87F70B0B-29B8-4753-975E-C71340838CC2}.Release|x64.ActiveCfg = Release|x64
		{87F70B0B-29B8-4753-975E-C71340838CC2}.Release|x64.Build.0 = Release|x64
		{87F70B0B-29B8-4753-975E-C71340838CC2}.Release|x86.ActiveCfg = Release|Win32
		{87F70B0B-29B8-4753-975E-C71340838CC2}.Release|x86.Build.0 = Release|Win32
		{22C6BD79-0844-4D94-8004-2648CCEC5E71}.Debug|x64.ActiveCfg = Debug|x64
		{22C6BD79-0844-4D94-8004-2648CCEC5E71}.Debug|x64.Build.0 = Debug|x64
		{22C6BD79-0844-4D94-8004-2648CCEC5E71}.Debug|x86.ActiveCfg = Debug|Win32
		{22C6BD79-0844-4D94-8004-2648CCEC5E71}.Debug|x86.Build.0 = Debug|Win32
		{22C6BD79-0844-4D94-8004-2648CCEC5E71}.Release|x64.ActiveCfg = Release|x64
		{22C6BD79-0844-4D94-8004-2648CCEC5E71}.Release|x64.Build.0 = Release|x64
		{22C6BD79-0844-4D94-8004-2648CCEC5E71}.Release|x86.ActiveCfg = Release|Win32
		{22C6BD79-0844-4D94-8004-2648CCEC5E71}.Release|x86.Build.0 = Release|Win32
		{9DB0CAFE-E8EF-4D6F-8AAB-1A1F61F0AB5B}.Debug|x64.ActiveCfg = Debug|x64
		{9DB0CAFE-E8EF-4D6F-8AAB-1A1F61F0AB5B}.Debug|x64.Build.0 = Debug|x64
		{9DB0CAFE-E8EF-4D6F-8AAB-1A1F61F0AB5B}.Debug|x86.ActiveCfg = Debug|Win32
		{9DB0CAFE-E8EF-4D6F-8AAB-1A1F61F0AB5B}.Debug|x86.Build.0 = Debug|Win32
		{9DB0CAFE-E8EF-4D6F-8AAB-1A1F61F0AB5B}.Release|x64.ActiveCfg = Release|x64
		{9DB0CAFE-E8EF-4D6F-8AAB-1A1F61F0AB5B}.Release|x64.Build.0 = Release|x64
		{9DB0CAFE-E8EF-4D6F-8AAB-1A1F61F0AB5B}.Release|x86.ActiveCfg = Release|Win32
		{9DB0CAFE-E8EF-4D6F-8AAB-1A1F61F0AB5B}.Release|x86.Build.0 = Release|Win32
		{C8A2D5EC-8A66-4909-A9F9-B244F3998A0C}.Debug|x64.ActiveCfg = Debug|x64
		{C8A2D5EC-8A66-4909-A9F9-B244F3998A0C}.Debug|x64.Build.0 = Debug|x64
		{C8A2D5EC-8A66-4909-A9F9-B244F3998A0C}.Debug|x86.ActiveCfg = Debug|Win32
		{C8A2D5EC-8A66-4909-A9F9-B244F3998A0C}.Debug|x86.Build.0 = Debug|Win32
		{C8A2D5EC-8A66-4909-A9F9-B244F3998A0C}.Release|x64.ActiveCfg = Release|x64
		{C8A2D5EC-8A66-4909-A9F9-B244F3998A0C}.Release|x64.Build.0 = Release|x64
		{C8A2D5EC-8A66-4909-A9F9-B244F3998A0C}.Release|x86.ActiveCfg = Release|Win32
		{C8A2D5EC-8A66-4909-A9F9-B244F3998A0C}.Release|x86.Build.0 = Release|Win32
		{02C2B66D-ABB7-4881-AB0F-CA1C6F847242}.Debug|x64.ActiveCfg = Debug|x64
		{02C2B66D-ABB7-4881-AB0F-CA1C6F847242}.Debug|x64.Build.0 = Debug|x64
		{02C2B66D-ABB7-4881-AB0F-CA1C6F847242}.Debug|x86.ActiveCfg = Debug|Win32
		{02C2B66D-ABB7-4881-AB0F-CA1C6F847242}.Debug|x86.Build.0 = Debug|Win32
		{02C2B66D-ABB7-4881-AB0F-CA1C6F847242}.Release|x64.ActiveCfg = Release|x64
		{02C2B66D-ABB7-4881-AB0F-CA1C6F847242}.Release|x64.Build.0 = Release|x64
		{02C2B66D-ABB7-4881-AB0F-CA1C6F847242}.Release|x86.ActiveCfg = Release|Win32
		{02C2B66D-ABB7-4881-AB0F-CA1C6F847242}.Release|x86.Build.0 = Release|Win32
		{C3061634-5897-4CFD-BC51-7A1404C14E0D}.Debug|x64.ActiveCfg = Debug|x64
		{C3061634-5897-4CFD-BC51-7A1404C14E0D}.Debug|x64.Build.0 = Debug|x64
		{C3061634-5897-4CFD-BC51-7A1404C14E0D}.Debug|x86.ActiveCfg = Debug|Win32
		{C3061634-5897-4CFD-BC51-7A1404C14E0D}.Debug|x86.Build.0 = Debug|Win32
		{C3061634-5897-4CFD-BC51-7A1404C14E0D}.Release|x64.ActiveCfg = Release|x64
		{C3061634-5897-4CFD-BC51-7A1404C14E0D}.Release|x64.Build.0 = Release|x64
		{C3061634-5897-4CFD-BC51-7A1404C14E0D}.Release|x86.ActiveCfg = Release|Win32
		{C3061634-5897-4CFD-BC51-7A1404C14E0D}.Release|x86.Build.0 = Release|Win32
		{2EDB8684-4AA2-4600-98E8-6C02A66D7939}.Debug|x64.ActiveCfg = Debug|x64
		{2EDB8684-4AA2-4600-98E8-6C02A66D7939}.Debug|x64.Build.0 = Debug|x64
		{2EDB8684-4AA2-4600-98E8-6C02A66D7939}.Debug|x86.ActiveCfg = Debug|Win32
		{2EDB8684-4AA2-4600-98E8-6C02A66D7939}.Debug|x86.Build.0 = Debug|Win32
		{2EDB8684-4AA2-4600-98E8-6C02A66D7939}.Release|x64.ActiveCfg = Release|x64
		{2EDB8684-4AA2-4600-98E8-6C02A66D7939}.Release|x64.Build.0 = Release|x64
		{2EDB8684-4AA2-4600-98E8-6C02A66D7939}.Release|x86.ActiveCfg = Release|Win32
		{2EDB8684-4AA2-4600-98E8-6C02A66D7939}.Release|x86.Build.0 = Release|Win32
		{F60F1BD1-BA2A-4F9B-9C12-1EA062E8BAEC}.Debug|x64.ActiveCfg = Debug|x64
		{F60F1BD1-BA2A-4F9B-9C12-1EA062E8BAEC}.Debug|x64.Build.0 = Debug|x64
		{F60F1BD1-BA2A-4F9B-9C12-1EA062E8BAEC}.Debug|x86.ActiveCfg = Debug|Win32
		{F60F1BD1-BA2A-4F9B-9C12-1EA062E8BAEC}.Debug|x86.Build.0 = Debug|Win32
		{F60F1BD1-BA2A-4F9B-9C12-1EA062E8BAEC}.Release|x64.ActiveCfg = Release|x64
		{F60F1BD1-BA2A-4F9B-9C12-1EA062E8BAEC}.Release|x64.Build.0 = Release|x64
		{F60F1BD1-BA2A-4F9B-9C12-1EA062E8BAEC}.Release|x86.ActiveCfg = Release|Win32
		{F60F1BD1-BA2A-4F9B-9C12-1EA062E8BAEC}.Release|x86.Build.0 = Release|Win32
		{2C09C14C-162A-48DA-96C8-1A7250738965}.Debug|x64.ActiveCfg = Debug|x64
		{2C09C14C-162A-48DA-96C8-1A7250738965}.Debug|x64.Build.0 = Debug|x64
		{2C09C14C-162A-48DA-96C8-1A7250738965}.Debug|x86.ActiveCfg = Debug|Win32
		{2C09C14C-162A-48DA-96C8-1A7250738965}.Debug|x86.Build.0 = Debug|Win32
		{2C09C14C-162A-48DA-96C8-1A7250738965}.Release|x64.ActiveCfg = Release|x64
		{2C09C14C-162A-48DA-96C8-1A7250738965}.Release|x64.Build.0 = Release|x64
		{2C09C14C-162A-48DA-96C8-1A7250738965}.Release|x86.ActiveCfg = Release|Win32
		{2C09C14C-162A-48DA-96C8-1A7250738965}.Release|x86.Build.0 = Release|Win32
		{08760182-F150-453C-9F4A-4564CCF32A6F}.Debug|x64.ActiveCfg = Debug|x64
		{08760182-F150-453C-9F4A-4564CCF32A6F}.Debug|x64.Build.0 = Debug|x64
		{08760182-F150-453C-9F4A-4564CCF32A6F}.Debug|x86.ActiveCfg = Debug|Win32
		{08760182-F150-453C-9F4A-4564CCF32A6F}.Debug|x86.Build.0 = Debug|Win32
		{08760182-F150-453C-9F4A-4564CCF32A6F}.Release|x64.ActiveCfg = Release|x64
		{08760182-F150-453C-9F4A-4564CCF32A6F}.Release|x64.Build.0 = Release|x64
		{08760182-F150-453C-9F4A-4564CCF32A6F}.Release|x86.ActiveCfg = Release|Win32
		{08760182-F150-453C-9F4A-4564CCF32A6F}.Release|x86.Build.0 = Release|Win32
		{F9FC0A55-771C-4E2E-B507-7A2A105AB8EF}.Debug|x64.ActiveCfg = Debug|x64
		{F9FC0A55-771C-4E2E-B507-7A2A105AB8EF}.Debug|x64.Build.0 = Debug|x64
		{F9FC0A55-771C-4E2E-B507-7A2A105AB8EF}.Debug|x86.ActiveCfg = Debug|Win32
		{F9FC0A55-771C-4E2E-B507-7A2A105AB8EF}.Debug|x86.Build.0 = Debug|Win32
		{F9FC0A55-771C-4E2E-B507-7A2A105AB8EF}.Release|x64.ActiveCfg = Release|x64
		{F9FC0A55-771C-4E2E-B507-7A2A105AB8EF}.Release|x64.Build.0 = Release|x64
		{F9FC0A55-771C-4E2E-B507-7A2A105AB8EF}.Release|x86.ActiveCfg = Release|Win32
		{F9FC0A55-771C-4E2E-B507-7A2A105AB8EF}.Release|x86.Build.0 = Release|Win32
		{EFE4A0EC-73F2-4932-8D1F-7381B6CC7F14}.Debug|x64.ActiveCfg = Debug|x64
		{EFE4A0EC-73F2-4932-8D1F-7381B6CC7F14}.Debug|x64.Build.0 = Debug|x64
		{EFE4A0EC-73F2-4932-8D1F-7381B6CC7F14}.Debug|x86.ActiveCfg = Debug|Win32
		{EFE4A0EC-73F2-4932-8D1F-7381B6CC7F14}.Debug|x86.Build.0 = Debug|Win32
		{EFE4A0EC-73F2-4932-8D1F-7381B6CC7F14}.Release|x64.ActiveCfg = Release|x64
		{EFE4A0EC-73F2-4932-8D1F-7381B6CC7F14}.Release|x64.Build.0 = Release|x64
		{EFE4A0EC-73F2-4932-8D1F-7381B6CC7F14}.Release|x86.ActiveCfg = Release|Win32
		{EFE4A0EC-73F2-4932-8D1F-7381B6CC7F14}.Release|x86.Build.0 = Release|Win32
		{F3E9E9DD-D5D6-448A-B858-59C210250D39}.Debug|x64.ActiveCfg = Debug|x64
		{F3E9E9DD-D5D6-448A-B858-59C210250D39}.Debug|x64.Build.0 = Debug|x64
		{F3E9E9DD-D5D6-448A-B858-59C210250D39}.Debug|x86.ActiveCfg = Debug|Win32
		{F3E9E9DD-D5D6-448A-B858-59C210250D39}.Debug|x86.Build.0 = Debug|Win32
		{F3E9E9DD-D5D6-448A-B858-59C210250D39}.Release|x64.ActiveCfg = Release|x64
		{F3E9E9DD-D5D6-448A-B858-59C210250D39}.Release|x64.Build.0 = Release|x64
		{F3E9E9DD-D5D6-448A-B858-59C210250D39}.Release|x86.ActiveCfg = Release|Win32
		{F3E9E9DD-D5D6-448A-B858-59C210250D39}.Release|x86.Build.0 = Release|Win32
		{43776D17-10DE-43D6-855A-9D36509300F9}.Debug|x64.ActiveCfg = Debug|x64
		{43776D17-10DE-43D6-855A-9D36509300F9}.Debug|x64.Build.0 = Debug|x64
		{43776D17-10DE-43D6-855A-9D36509300F9}.Debug|x86.ActiveCfg = Debug|Win32
		{43776D17-10DE-43D6-855A-9D36509300F9}.Debug|x86.Build.0 = Debug|Win32
		{43776D17-10DE-43D6-855A-9D36509300F9}.Release|x64.ActiveCfg = Release|x64
		{43776D17-10DE-43D6-855A-9D36509300F9}.Release|x64.Build.0 = Release|x64
		{43776D17-10DE-43D6-855A-9D36509300F9}.Release|x86.ActiveCfg = Release|Win32
		{43776D17-10DE-43D6-855A-9D36509300F9}.Release|x86.Build.0 = Release|Win32
		{E8346FFE-CBA0-4023-845D-64A0288A092F}.Debug|x64.ActiveCfg = Debug|x64
		{E8346FFE-CBA0-4023-845D-64A0288A092F}.Debug|x64.Build.0 = Debug|x64
		{E8346FFE-CBA0-4023-845D-64A0288A092F}.Debug|x86.ActiveCfg = Debug|Win32
		{E8346FFE-CBA0-4023-845D-64A0288A092F}.Debug|x86.Build.0 = Debug|Win32
		{E8346FFE-CBA0-4023-845D-64A0288A092F}.Release|x64.ActiveCfg = Release|x64
		{E8346FFE-CBA0-4023-845D-64A0288A092F}.Release|x64.Build.0 = Release|x64
		{E8346FFE-CBA0-4023-845D-64A0288A092F}.Release|x86.ActiveCfg = Release|Win32
		{E8346FFE-CBA0-4023-845D-64A0288A092F}.Release|x86.Build.0 = Release|Win32
		{9416AA23-DB39-4CD1-B98E-7524C80771C6}.Debug|x64.ActiveCfg = Debug|x64
		{9416AA23-DB39-4CD1-B98E-7524C80771C6}.Debug|x64.Build.0 = Debug|x64
		{9416AA23-DB39-4CD1-B98E-7524C80771C6}.Debug|x86.ActiveCfg = Debug|Win32
		{9416AA23-DB39-4CD1-B98E-7524C80771C6}.Debug|x86.Build.0 = Debug|Win32
		{9416AA23-DB39-4CD1-B98E-7524C80771C6}.Release|x64.ActiveCfg = Release|x64
		{9416AA23-DB39-4CD1-B98E-7524C80771C6}.Release|x64.Build.0 = Release|x64
		{9416AA23-DB39-4CD1-B98E-7524C80771C6}.Release|x86.ActiveCfg = Release|Win32
		{9416AA23-DB39-4CD1-B98E-7524C80771C6}.Release|x86.Build.0 = Release|Win32
		{E1223EE5-7984-48FF-B829-15EC182876E0}.Debug|x64.ActiveCfg = Debug|x64
		{E1223EE5-7984-48FF-B829-15EC182876E0}.Debug|x64.Build.0 = Debug|x64
		{E1223EE5-7984-48FF-B829-15EC182876E0}.Debug|x86.ActiveCfg = Debug|Win32
		{E1223EE5-7984-48FF-B829-15EC182876E0}.Debug|x86.Build.0 = Debug|Win32
		{E1223EE5-7984-48FF-B829-15EC182876E0}.Release|x64.ActiveCfg = Release|x64
		{E1223EE5-7984-48FF-B829-15EC182876E0}.Release|x64.Build.0 = Release|x64
		{E1223EE5-7984-48FF-B829-15EC182876E0}.Release|x86.ActiveCfg = Release|Win32
		{E1223EE5-7984-48FF-B829-15EC182876E0}.Release|x86.Build.0 = Release|Win32
		{22B32A3D-3529-4F7F-B5F9-BEEF8F20FC3A}.Debug|x64.ActiveCfg = Debug|x64
		{22B32A3D-3529-4F7F-B5F9-BEEF8F20FC3A}.Debug|x64.Build.0 = Debug|x64
		{22B32A3D-3529-4F7F-B5F9-BEEF8F20FC3A}.Debug|x86.ActiveCfg = Debug|Win32
		{22B32A3D-3529-4F7F-B5F9-BEEF8F20FC3A}.Debug|x86.Build.0 = Debug|Win32
		{22B32A3D-3529-4F7F-B5F9-BEEF8F20FC3A}.Release|x64.ActiveCfg = Release|x64
		{22B32A3D-3529-4F7F-B5F9-BEEF8F20FC3A}.Release|x64.Build.0 = Release|x64
		{22B32A3D-3529-4F7F-B5F9-BEEF8F20FC3A}.Release|x86.ActiveCfg = Release|Win32
		{22B32A3D-3529-4F7F-B5F9-BEEF8F20FC3A}.Release|x86.Build.0 = Release|Win32
		{FC30914B-76E9-4B4F-8BE0-B006497F7C93}.Debug|x64.ActiveCfg = Debug|x64
		{FC30914B-76E9-4B4F-8BE0-B006497F7C93}.Debug|x64.Build.0 = Debug|x64
		{FC30914B-76E9-4B4F-8BE0-B006497F7C93}.Debug|x86.ActiveCfg = Debug|Win32
		{FC30914B-76E9-4B4F-8BE0-B006497F7C93}.Debug|x86.Build.0 = Debug|Win32
		{FC30914B-76E9-4B4F-8BE0-B006497F7C93}.Release|x64.ActiveCfg = Release|x64
		{FC30914B-76E9-4B4F-8BE0-B006497F7C93}.Release|x64.Build.0 = Release|x64
		{FC30914B-76E9-4B4F-8BE0-B006497F7C93}.Release|x86.ActiveCfg = Release|Win32
		{FC30914B-76E9-4B4F-8BE0-B006497F7C93}.Release|x86.Build.0 = Release|Win32
		{852E709A-3EAB-4B26-96DE-793B9BB630DD}.Debug|x64.ActiveCfg = Debug|x64
		{852E709A-3EAB-4B26-96DE-793B9BB630DD}.Debug|x64.Build.0 = Debug|x64
		{852E709A-3EAB-4B26-96DE-793B9BB630DD}.Debug|x86.ActiveCfg = Debug|Win32
		{852E709A-3EAB-4B26-96DE-793B9BB630DD}.Debug|x86.Build.0 = Debug|Win32
		{852E709A-3EAB-4B26-96DE-793B9BB630DD}.Release|x64.ActiveCfg = Release|x64
		{852E709A-3EAB-4B26-96DE-793B9BB630DD}.Release|x64.Build.0 = Release|x64
		{852E709A-3EAB-4B26-96DE-793B9BB630DD}.Release|x86.ActiveCfg = Release|Win32
		{852E709A-3EAB-4B26-96DE-793B9BB630DD}.Release|x86.Build.0 = Release|Win32
		{312E509C-6291-4EFE-B461-16922E3387ED}.Debug|x64.ActiveCfg = Debug|x64
		{312E509C-6291-4EFE-B461-16922E3387ED}.Debug|x64.Build.0 = Debug|x64
		{312E509C-6291-4EFE-B461-16922E3387ED}.Debug|x86.ActiveCfg = Debug|Win32
		{312E509C-6291-4EFE-B461-16922E3387ED}.Debug|x86.Build.0 = Debug|Win32
		{312E509C-6291-4EFE-B461-16922E3387ED}.Release|x64.ActiveCfg = Release|x64
		{312E509C-6291-4EFE-B461-16922E3387ED}.Release|x64.Build.0 = Release|x64
		{312E509C-6291-4EFE-B461-16922E3387ED}.Release|x86.ActiveCfg = Release|Win32
		{312E509C-6291-4EFE-B461-16922E3387ED}.Release|x86.Build.0 = Release|Win32
		{2685F913-16A2-4D37-B2CA-CB0CF3100B63}.Debug|x64.ActiveCfg = Debug|x64
		{2685F913-16A2-4D37-B2CA-CB0CF3100B63}.Debug|x64.Build.0 = Debug|x64
		{2685F913-16A2-4D37-B2CA-CB0CF3100B63}.Debug|x86.ActiveCfg = Debug|Win32
		{2685F913-16A2-4D37-B2CA-CB0CF3100B63}.Debug|x86.Build.0 = Debug|Win32
		{2685F913-16A2-4D37-B2CA-CB0CF3100B63}.Release|x64.ActiveCfg = Release|x64
		{2685F913-16A2-4D37-B2CA-CB0CF3100B63}.Release|x64.Build.0 = Release|x64
		{2685F913-16A2-4D37-B2CA-CB0CF3100B63}.Release|x86.ActiveCfg = Release|Win32
		{2685F913-16A2-4D37-B2CA-CB0CF3100B63}.Release|x86.Build.0 = Release|Win32
		{25A39BFB-28CD-42A8-AF29-FEA0CF40EA41}.Debug|x64.ActiveCfg = Debug|x64
		{25A39BFB-28CD-42A8-AF29-FEA0CF40EA41}.Debug|x64.Build.0 = Debug|x64
		{25A39BFB-28CD-42A8-AF29-FEA0CF40EA41}.Debug|x86.ActiveCfg = Debug|Win32
		{25A39BFB-28CD-42A8-AF29-FEA0CF40EA41}.Debug|x86.Build.0 = Debug|Win32
		{25A39BFB-28CD-42A8-AF29-FEA0CF40EA41}.Release|x64.ActiveCfg = Release|x64
		{25A39BFB-28CD-42A8-AF29-FEA0CF40EA41}.Release|x64.Build.0 = Release|x64
		{25A39BFB-28CD-42A8-AF29-FEA0CF40EA41}.Release|x86.ActiveCfg = Release|Win32
		{25A39BFB-28CD-42A8-AF29-FEA0CF40EA41}.Release|x86.Build.0 = Release|Win32
		{AADFBD99-B55B-4850-BEE8-3098C23E3C37}.Debug|x64.ActiveCfg = Debug|x64
		{AADFBD99-B55B-4850-BEE8-3098C23E3C37}.Debug|x64.Build.0 = Debug|x64
		{AADFBD99-B55B-4850-BEE8-3098C23E3C37}.Debug|x86.ActiveCfg = Debug|Win32
		{AADFBD99-B55B-4850-BEE8-3098C23E3C37}.Debug|x86.Build.0 = Debug|Win32
		{AADFBD99-B55B-4850-BEE8-3098C23E3C37}.Release|x64.ActiveCfg = Release|x64
		{AADFBD99-B55B-4850-BEE8-3098C23E3C37}.Release|x64.Build.0 = Release|x64
		{AADFBD99-B55B-4850-BEE8-3098C23E3C37}.Release|x86.ActiveCfg = Release|Win32
		{AADFBD99-B55B-4850-BEE8-3098C23E3C37}.Release|x86.Build.0 = Release|Win32
		{6700DE0B-4838-4FA8-849A-0E521D89B635}.Debug|x64.ActiveCfg = Debug|x64
		{6700DE0B-4838-4FA8-849A-0E521D89B635}.Debug|x64.Build.0 = Debug|x64
		{6700DE0B-4838-4FA8-849A-0E521D89B635}.Debug|x86.ActiveCfg = Debug|Win32
		{6700DE0B-4838-4FA8-849A-0E521D89B635}.Debug|x86.Build.0 = Debug|Win32
		{6700DE0B-4838-4FA8-849A-0E521D89B635}.Release|x64.ActiveCfg = Release|x64
		{6700DE0B-4838-4FA8-849A-0E521D89B635}.Release|x64.Build.0 = Release|x64
		{6700DE0B-4838-4FA8-849A-0E521D89B635}.Release|x86.ActiveCfg = Release|Win32
		{6700DE0B-4838-4FA8-849A-0E521D89B635}.Release|x86.Build.0 = Release|Win32
		{3E461EFB-2BDE-43A4-AD16-33D0074BCD19}.Debug|x64.ActiveCfg = Debug|x64
		{3E461EFB-2BDE-43A4-AD16-33D0074BCD19}.Debug|x64.Build.0 = Debug|x64
		{3E461EFB-2BDE-43A4-AD16-33D0074BCD19}.Debug|x86.ActiveCfg = Debug|Win32
		{3E461EFB-2BDE-43A4-AD16-33D0074BCD19}.Debug|x86.Build.0 = Debug|Win32
		{3E461EFB-2BDE-43A4-AD16-33D0074BCD19}.Release|x64.ActiveCfg = Release|x64
		{3E461EFB-2BDE-43A4-AD16-33D0074BCD19}.Release|x64.Build.0 = Release|x64
		{3E461EFB-2BDE-43A4-AD16-33D0074BCD19}.Release|x86.ActiveCfg = Release|Win32
		{3E461EFB-2BDE-43A4-AD16-33D0074BCD19}.Release|x86.Build.0 = Release|Win32
		{D27318D0-AC2A-4206-AB47-E69DD3A434B2}.Debug|x64.ActiveCfg = Debug|x64
		{D27318D0-AC2A-4206-AB47-E69DD3A434B2}.Debug|x64.Build.0 = Debug|x64
		{D27318D0-AC2A-4206-AB47-E69DD3A434B2}.Debug|x86.ActiveCfg = Debug|Win32
		{D27318D0-AC2A-4206-AB47-E69DD3A434B2}.Debug|x86.Build.0 = Debug|Win32
		{D27318D0-AC2A-4206-AB47-E69DD3A434B2}.Release|x64.ActiveCfg = Release|x64
		{D27318D0-AC2A-4206-AB47-E69DD3A434B2}.Release|x64.Build.0 = Release|x64
		{D27318D0-AC2A-4206-AB47-E69DD3A434B2}.Release|x86.ActiveCfg = Release|Win32
		{D27318D0-AC2A-4206-AB47-E69DD3A434B2}.Release|x86.Build.0 = Release|Win32
		{A644A921-4C3A-422E-976A-B05B43B8F307}.Debug|x64.ActiveCfg = Debug|x64
		{A644A921-4C3A-422E-976A-B05B43B8F307}.Debug|x64.Build.0 = Debug|x64
		{A644A921-4C3A-422E-976A-B05B43B8F307}.Debug|x86.ActiveCfg = Debug|Win32
		{A644A921-4C3A-422E-976A-B05B43B8F307}.Debug|x86.Build.0 = Debug|Win32
		{A644A921-4C3A-422E-976A-B05B43B8F307}.Release|x64.ActiveCfg = Release|x64
		{A644A921-4C3A-422E-976A-B05B43B8F307}.Release|x64.Build.0 = Release|x64
		{A644A921-4C3A-422E-976A-B05B43B8F307}.Release|x86.ActiveCfg = Release|Win32
		{A644A921-4C3A-422E-976A-B05B43B8F307}.Release|x86.Build.0 = Release|Win32
		{1A94A622-E1CB-4A11-8E7A-7DAD8744E0FD}.Debug|x64.ActiveCfg = Debug|x64
		{1A94A622-E1CB-4A11-8E7A-7DAD8744E0FD}.Debug|x64.Build.0 = Debug|x64
		{1A94A622-E1CB-4A11-8E7A-7DAD8744E0FD}.Debug|x86.ActiveCfg = Debug|Win32
		{1A94A622-E1CB-4A11-8E7A-7DAD8744E0FD}.Debug|x86.Build.0 = Debug|Win32
		{1A94A622-E1CB-4A11-8E7A-7DAD8744E0FD}.Release|x64.ActiveCfg = Release|x64
		{1A94A622-E1CB-4A11-8E7A-7DAD8744E0FD}.Release|x64.Build.0 = Release|x64
		{1A94A622-E1CB-4A11-8E7A-7DAD8744E0FD}.Release|x86.ActiveCfg = Release|Win32
		{1A94A622-E1CB-4A11-8E7A-7DAD8744E0FD}.Release|x86.Build.0 = Release|Win32
		{361FFE47-302A-46CF-A074-3D76604EBD41}.Debug|x64.ActiveCfg = Debug|x64
		{361FFE47-302A-46CF-A074-3D76604EBD41}.Debug|x64.Build.0 = Debug|x64
		{361FFE47-302A-46CF-A074-3D76604EBD41}.Debug|x86.ActiveCfg = Debug|Win32
		{361FFE47-302A-46CF-A074-3D76604EBD41}.Debug|x86.Build.0 = Debug|Win32
		{361FFE47-302A-46CF-A074-3D76604EBD41}.Release|x64.ActiveCfg = Release|x64
		{361FFE47-302A-46CF-A074-3D76604EBD41}.Release|x64.Build.0 = Release|x64
		{361FFE47-302A-46CF-A074-3D76604EBD41}.Release|x86.ActiveCfg = Release|Win32
		{361FFE47-302A-46CF-A074-3D76604EBD41}.Release|x86.Build.0 = Release|Win32
		{BECD5073-1613-4A5C-B7CB-5B7E437A7121}.Debug|x64.ActiveCfg = Debug|x64
		{BECD5073-1613-4A5C-B7CB-5B7E437A7121}.Debug|x64.Build.0 = Debug|x64
		{BECD5073-1613-4A5C-B7CB-5B7E437A7121}.Debug|x86.ActiveCfg = Debug|Win32
		{BECD5073-1613-4A5C-B7CB-5B7E437A7121}.Debug|x86.Build.0 = Debug|Win32
		{BECD5073-1613-4A5C-B7CB-5B7E437A7121}.Release|x64.ActiveCfg = Release|x64
		{BECD5073-1613-4A5C-B7CB-5B7E437A7121}.Release|x64.Build.0 = Release|x64
		{BECD5073-1613-4A5C-B7CB-5B7E437A7121}.Release|x86.ActiveCfg = Release|Win32
		{BECD5073-1613-4A5C-B7CB-5B7E437A7121}.Release|x86.Build.0 = Release|Win32
		{748BF9DE-7384-4C91-9EED-F0ADA17677A9}.Debug|x64.ActiveCfg = Debug|x64
		{748BF9DE-7384-4C91-9EED-F0ADA17677A9}.Debug|x64.Build.0 = Debug|x64
		{748BF9DE-7384-4C91-9EED-F0ADA17677A9}.Debug|x86.ActiveCfg = Debug|Win32
		{748BF9DE-7384-4C91-9EED-F0ADA17677A9}.Debug|x86.Build.0 = Debug|Win32
		{748BF9DE-7384-4C91-9EED-F0ADA17677A9}.Release|x64.ActiveCfg = Release|x64
		{748BF9DE-7384-4C91-9EED-F0ADA17677A9}.Release|x64.Build.0 = Release|x64
		{748BF9DE-7384-4C91-9EED-F0ADA17677A9}.Release|x86.ActiveCfg = Release|Win32
		{748BF9DE-7384-4C91-9EED-F0ADA17677A9}.Release|x86.Build.0 = Release|Win32
		{E1923304-7178-4E5A-A167-951DD6C008AE}.Debug|x64.ActiveCfg = Debug|x64
		{E1923304-7178-4E5A-A167-951DD6C008AE}.Debug|x64.Build.0 = Debug|x64
		{E1923304-7178-4E5A-A167-951DD6C008AE}.Debug|x86.ActiveCfg = Debug|Win32
		{E1923304-7178-4E5A-A167-951DD6C008AE}.Debug|x86.Build.0 = Debug|Win32
		{E1923304-7178-4E5A-A167-951DD6C008AE}.Release|x64.ActiveCfg = Release|x64
		{E1923304-7178-4E5A-A167-951DD6C008AE}.Release|x64.Build.0 = Release|x64
		{E1923304-7178-4E5A-A167-951DD6C008AE}.Release|x86.ActiveCfg = Release|Win32
		{E1923304-7178-4E5A-A167-951DD6C008AE}.Release|x86.Build.0 = Release|Win32
		{5157F43D-8B5E-4632-AA70-854A47813E28}.Debug|x64.ActiveCfg = Debug|x64
		{5157F43D-8B5E-4632-AA70-854A47813E28}.Debug|x64.Build.0 = Debug|x64
		{5157F43D-8B5E-4632-AA70-854A47813E28}.Debug|x86.ActiveCfg = Debug|Win32
		{5157F43D-8B5E-4632-AA70-854A47813E28}.Debug|x86.Build.0 = Debug|Win32
		{5157F43D-8B5E-4632-AA70-854A47813E28}.Release|x64.ActiveCfg = Release|x64
		{5157F43D-8B5E-4632-AA70-854A47813E28}.Release|x64.Build.0 = Release|x64
		{5157F43D-8B5E-4632-AA70-854A47813E28}.Release|x86.ActiveCfg = Release|Win32
		{5157F43D-8B5E-4632-AA70-854A47813E28}.Release|x86.Build.0 = Release|Win32
		{55843B9F-A780-4AE7-B605-094C288EBC8A}.Debug|x64.ActiveCfg = Debug|x64
		{55843B9F-A780-4AE7-B605-094C288EBC8A}.Debug|x64.Build.0 = Debug|x64
		{55843B9F-A780-4AE7-B605-094C288EBC8A}.Debug|x86.ActiveCfg = Debug|Win32
		{55843B9F-A780-4AE7-B605-094C288EBC8A}.Debug|x86.Build.0 = Debug|Win32
		{55843B9F-A780-4AE7-B605-094C288EBC8A}.Release|x64.ActiveCfg = Release|x64
		{55843B9F-A780-4AE7-B605-094C288EBC8A}.Release|x64.Build.0 = Release|x64
		{55843B9F-A780-4AE7-B605-094C288EBC8A}.Release|x86.ActiveCfg = Release|Win32
		{55843B9F-A780-4AE7-B605-094C288EBC8A}.Release|x86.Build.0 = Release|Win32
		{9CB205D7-F241-44A2-8BC0-339CEF34D166}.Debug|x64.ActiveCfg = Debug|x64
		{9CB205D7-F241-44A2-8BC0-339CEF34D166}.Debug|x64.Build.0 = Debug|x64
		{9CB205D7-F241-44A2-8BC0-339CEF34D166}.Debug|x86.ActiveCfg = Debug|Win32
		{9CB205D7-F241-44A2-8BC0-339CEF34D166}.Debug|x86.Build.0 = Debug|Win32
		{9CB205D7-F241-44A2-8BC0-339CEF34D166}.Release|x64.ActiveCfg = Release|x64
		{9CB205D7-F241-44A2-8BC0-339CEF34D166}.Release|x64.Build.0 = Release|x64
		{9CB205D7-F241-44A2-8BC0-339CEF34D166}.Release|x86.ActiveCfg = Release|Win32
		{9CB205D7-F241-44A2-8BC0-339CEF34D166}.Release|x86.Build.0 = Release|Win32
		{BF10066C-8A9A-411B-B3BE-53B7820A8C45}.Debug|x64.ActiveCfg = Debug|x64
		{BF10066C-8A9A-411B-B3BE-53B7820A8C45}.Debug|x64.Build.0 = Debug|x64
		{BF10066C-8A9A-411B-B3BE-53B7820A8C45}.Debug|x86.ActiveCfg = Debug|Win32
		{BF10066C-8A9A-411B-B3BE-53B7820A8C45}.Debug|x86.Build.0 = Debug|Win32
		{BF10066C-8A9A-411B-B3BE-53B7820A8C45}.Release|x64.ActiveCfg = Release|x64
		{BF10066C-8A9A-411B-B3BE-53B7820A8C45}.Release|x64.Build.0 = Release|x64
		{BF10066C-8A9A-411B-B3BE-53B7820A8C45}.Release|x86.ActiveCfg = Release|Win32
		{BF10066C-8A9A-411B-B3BE-53B7820A8C45}.Release|x86.Build.0 = Release|Win32
		{1E8DE096-48E9-42F9-B013-461D39601D25}.Debug|x64.ActiveCfg = Debug|x64
		{1E8DE096-48E9-42F9-B013-461D39601D25}.Debug|x64.Build.0 = Debug|x64
		{1E8DE096-48E9-42F9-B013-461D39601D25}.Debug|x86.ActiveCfg = Debug|Win32
		{1E8DE096-48E9-42F9-B013-461D39601D25}.Debug|x86.Build.0 = Debug|Win32
		{1E8DE096-48E9-42F9-B013-461D39601D25}.Release|x64.ActiveCfg = Release|x64
		{1E8DE096-48E9-42F9-B013-461D39601D25}.Release|x64.Build.0 = Release|x64
		{1E8DE096-48E9-42F9-B013-461D39601D25}.Release|x86.ActiveCfg = Release|Win32
		{1E8DE096-48E9-42F9-B013-461D39601D25}.Release|x86.Build.0 = Release|Win32
		{D5B70BE4-F14B-410F-8EA0-1B353CD89522}.Debug|x64.ActiveCfg = Debug|x64
		{D5B70BE4-F14B-410F-8EA0-1B353CD89522}.Debug|x64.Build.0 = Debug|x64
		{D5B70BE4-F14B-410F-8EA0-1B353CD89522}.Debug|x86.ActiveCfg = Debug|Win32
		{D5B70BE4-F14B-410F-8EA0-1B353CD89522}.Debug|x86.Build.0 = Debug|Win32
		{D5B70BE4-F14B-410F-8EA0-1B353CD89522}.Release|x64.ActiveCfg = Release|x64
		{D5B70BE4-F14B-410F-8EA0-1B353CD89522}.Release|x64.Build.0 = Release|x64
		{D5B70BE4-F14B-410F-8EA0-1B353CD89522}.Release|x86.ActiveCfg = Release|Win32
		{D5B70BE4-F14B-410F-8EA0-1B353CD89522}.Release|x86.Build.0 = Release|Win32
		{472C8C02-5CBC-418E-AD8F-568BDED4E70F}.Debug|x64.ActiveCfg = Debug|x64
		{472C8C02-5CBC-418E-AD8F-568BDED4E70F}.Debug|x64.Build.0 = Debug|x64
		{472C8C02-5CBC-418E-AD8F-568BDED4E70F}.Debug|x86.ActiveCfg = Debug|Win32
		{472C8C02-5CBC-418E-AD8F-568BDED4E70F}.Debug|x86.Build.0 = Debug|Win32
		{472C8C02-5CBC-418E-AD8F-568BDED4E70F}.Release|x64.ActiveCfg = Release|x64
		{472C8C02-5CBC-418E-AD8F-568BDED4E70F}.Release|x64.Build.0 = Release|x64
		{472C8C02-5CBC-418E-AD8F-568BDED4E70F}.Release|x86.ActiveCfg = Release|Win32
		{472C8C02-5CBC-418E-AD8F-568BDED4E70F}.Release|x86.Build.0 = Release|Win32
		{97BE9F83-DCF4-4A6F-9B8F-A6571E944AD9}.Debug|x64.ActiveCfg = Debug|x64
		{97BE9F83-DCF4-4A6F-9B8F-A6571E944AD9}.Debug|x64.Build.0 = Debug|x64
		{97BE9F83-DCF4-4A6F-9B8F-A6571E944AD9}.Debug|x86.ActiveCfg = Debug|Win32
		{97BE9F83-DCF4-4A6F-9B8F-A6571E944AD9}.Debug|x86.Build.0 = Debug|Win32
		{97BE9F83-DCF4-4A6F-9B8F-A6571E944AD9}.Release|x64.ActiveCfg = Release|x64
		{97BE9F83-DCF4-4A6F-9B8F-A6571E944AD9}.Release|x64.Build.0 = Release|x64
		{97BE9F83-DCF4-4A6F-9B8F-A6571E944AD9}.Release|x86.ActiveCfg = Release|Win32
		{97BE9F83-DCF4-4A6F-9B8F-A6571E944AD9}.Release|x86.Build.0 = Release|Win32
		{9168492B-7F4B-40E5-8C89-7773A92EE77A}.Debug|x64.ActiveCfg = Debug|x64
		{9168492B-7F4B-40E5-8C89-7773A92EE77A}.Debug|x64.Build.0 = Debug|x64
		{9168492B-7F4B-40E5-8C89-7773A92EE77A}.Debug|x86.ActiveCfg = Debug|Win32
		{9168492B-7F4B-40E5-8C89-7773A92EE77A}.Debug|x86.Build.0 = Debug|Win32
		{9168492B-7F4B-40E5-8C89-7773A92EE77A}.Release|x64.ActiveCfg = Release|x64
		{9168492B-7F4B-40E5-8C89-7773A92EE77A}.Release|x64.Build.0 = Release|x64
		{9168492B-7F4B-40E5-8C89-7773A92EE77A}.Release|x86.ActiveCfg = Release|Win32
		{9168492B-7F4B-40E5-8C89-7773A92EE77A}.Release|x86.Build.0 = Release|Win32
		{38F4ADBA-257F-42E2-B466-08998F68E2A5}.Debug|x64.ActiveCfg = Debug|x64
		{38F4ADBA-257F-42E2-B466-08998F68E2A5}.Debug|x64.Build.0 = Debug|x64
		{38F4ADBA-257F-42E2-B466-08998F68E2A5}.Debug|x86.ActiveCfg = Debug|Win32
		{38F4ADBA-257F-42E2-B466-08998F68E2A5}.Debug|x86.Build.0 = Debug|Win32
		{38F4ADBA-257F-42E2-B466-08998F68E2A5}.Release|x64.ActiveCfg = Release|x64
		{38F4ADBA-257F-42E2-B466-08998F68E2A5}.Release|x64.Build.0 = Release|x64
		{38F4ADBA-257F-42E2-B466-08998F68E2A5}.Release|x86.ActiveCfg = Release|Win32
		{38F4ADBA-257F-42E2-B466-08998F68E2A5}.Release|x86.Build.0 = Release|Win32
		{ECB24CC7-FD49-44B7-ABD4-BCD11F5055C7}.Debug|x64.ActiveCfg = Debug|x64
		{ECB24CC7-FD49-44B7-ABD4-BCD11F5055C7}.Debug|x64.Build.0 = Debug|x64
		{ECB24CC7-FD49-44B7-ABD4-BCD11F5055C7}.Debug|x86.ActiveCfg = Debug|Win32
		{ECB24CC7-FD49-44B7-ABD4-BCD11F5055C7}.Debug|x86.Build.0 = Debug|Win32
		{ECB24CC7-FD49-44B7-ABD4-BCD11F5055C7}.Release|x64.ActiveCfg = Release|x64
		{ECB24CC7-FD49-44B7-ABD4-BCD11F5055C7}.Release|x64.Build.0 = Release|x64
		{ECB24CC7-FD49-44B7-ABD4-BCD11F5055C7}.Release|x86.ActiveCfg = Release|Win32
		{ECB24CC7-FD49-44B7-ABD4-BCD11F5055C7}.Release|x86.Build.0 = Release|Win32
		{7913A2DF-F8B5-4DFD-9C9D-2C257D873557}.Debug|x64.ActiveCfg = Debug|x64
		{7913A2DF-F8B5-4DFD-9C9D-2C257D873557}.Debug|x64.Build.0 = Debug|x64
		{7913A2DF-F8B5-4DFD-9C9D-2C257D873557}.Debug|x86.ActiveCfg = Debug|Win32
		{7913A2DF-F8B5-4DFD-9C9D-2C257D873557}.Debug|x86.Build.0 = Debug|Win32
		{7913A2DF-F8B5-4DFD-9C9D-2C257D873557}.Release|x64.ActiveCfg = Release|x64
		{7913A2DF-F8B5-4DFD-9C9D-2C257D873557}.Release|x64.Build.0 = Release|x64
		{7913A2DF-F8B5-4DFD-9C9D-2C257D873557}.Release|x86.ActiveCfg = Release|Win32
		{7913A2DF-F8B5-4DFD-9C9D-2C257D873557}.Release|x86.Build.0 = Release|Win32
		{BDC57FEB-53A8-4B71-8B9B-C328052C87D0}.Debug|x64.ActiveCfg = Debug|x64
		{BDC57FEB-53A8-4B71-8B9B-C328052C87D0}.Debug|x64.Build.0 = Debug|x64
		{BDC57FEB-53A8-4B71-8B9B-C328052C87D0}.Debug|x86.ActiveCfg = Debug|Win32
		{BDC57FEB-53A8-4B71-8B9B-C328052C87D0}.Debug|x86.Build.0 = Debug|Win32
		{BDC57FEB-53A8-4B71-8B9B-C328052C87D0}.Release|x64.ActiveCfg = Release|x64
		{BDC57FEB-53A8-4B71-8B9B-C328052C87D0}.Release|x64.Build.0 = Release|x64
		{BDC57FEB-53A8-4B71-8B9B-C328052C87D0}.Release|x86.ActiveCfg = Release|Win32
		{BDC57FEB-53A8-4B71-8B9B-C328052C87D0}.Release|x86.Build.0 = Release|Win32
		{3E1EC7FA-BB27-4360-92D2-FF4633F34986}.Debug|x64.ActiveCfg = Debug|x64
		{3E1EC7FA-BB27-4360-92D2-FF4633F34986}.Debug|x64.Build.0 = Debug|x64
		{3E1EC7FA-BB27-4360-92D2-FF4633F34986}.Debug|x86.ActiveCfg = Debug|Win32
		{3E1EC7FA-BB27-4360-92D2-FF4633F34986}.Debug|x86.Build.0 = Debug|Win32
		{3E1EC7FA-BB27-4360-92D2-FF4633F34986}.Release|x64.ActiveCfg = Release|x64
		{3E1EC7FA-BB27-4360-92D2-FF4633F34986}.Release|x64.Build.0 = Release|x64
		{3E1EC7FA-BB27-4360-92D2-FF4633F34986}.Release|x86.ActiveCfg = Release|Win32
		{3E1EC7FA-BB27-4360-92D2-FF4633F34986}.Release|x86.Build.0 = Release|Win32
		{03F6DFD8-A6B9-4091-9040-B0B84C38C1F4}.Debug|x64.ActiveCfg = Debug|x64
		{03F6DFD8-A6B9-4091-9040-B0B84C38C1F4}.Debug|x64.Build.0 = Debug|x64
		{03F6DFD8-A6B9-4091-9040-B0B84C38C1F4}.Debug|x86.ActiveCfg = Debug|Win32
		{03F6DFD8-A6B9-4091-9040-B0B84C38C1F4}.Debug|x86.Build.0 = Debug|Win32
		{03F6DFD8-A6B9-4091-9040-B0B84C38C1F4}.Release|x64.ActiveCfg = Release|x64
		{03F6DFD8-A6B9-4091-9040-B0B84C38C1F4}.Release|x64.Build.0 = Release|x64
		{03F6DFD8-A6B9-4091-9040-B0B84C38C1F4}.Release|x86.ActiveCfg = Release|Win32
		{03F6DFD8-A6B9-4091-9040-B0B84C38C1F4}.Release|x86.Build.0 = Release|Win32
		{0658F833-FC91-4BA5-9969-83325517F531}.Debug|x64.ActiveCfg = Debug|x64
		{0658F833-FC91-4BA5-9969-83325517F531}.Debug|x64.Build.0 = Debug|x64
		{0658F833-FC91-4BA5-9969-83325517F531}.Debug|x86.ActiveCfg = Debug|Win32
		{0658F833-FC91-4BA5-9969-83325517F531}.Debug|x86.Build.0 = Debug|Win32
		{0658F833-FC91-4BA5-9969-83325517F531}.Release|x64.ActiveCfg = Release|x64
		{0658F833-FC91-4BA5-9969-83325517F531}.Release|x64.Build.0 = Release|x64
		{0658F833-FC91-4BA5-9969-83325517F531}.Release|x86.ActiveCfg = Release|Win32
		{0658F833-FC91-4BA5-9969-83325517F531}.Release|x86.Build.0 = Release|Win32
		{316EA9C9-FE2C-453B-8EEC-805D6CE7896E}.Debug|x64.ActiveCfg = Debug|x64
		{316EA9C9-FE2C-453B-8EEC-805D6CE7896E}.Debug|x64.Build.0 = Debug|x64
		{316EA9C9-FE2C-453B-8EEC-805D6CE7896E}.Debug|x86.ActiveCfg = Debug|Win32
		{316EA9C9-FE2C-453B-8EEC-805D6CE7896E}.Debug|x86.Build.0 = Debug|Win32
		{316EA9C9-FE2C-453B-8EEC-805D6CE7896E}.Release|x64.ActiveCfg = Release|x64
		{316EA9C9-FE2C-453B-8EEC-805D6CE7896E}.Release|x64.Build.0 = Release|x64
		{316EA9C9-FE2C-453B-8EEC-805D6CE7896E}.Release|x86.ActiveCfg = Release|Win32
		{316EA9C9-FE2C-453B-8EEC-805D6CE7896E}.Release|x86.Build.0 = Release|Win32
		{C9443DCC-C902-4CBB-869B-9BFF85013E92}.Debug|x64.ActiveCfg = Debug|x64
		{C9443DCC-C902-4CBB-869B-9BFF85013E92}.Debug|x64.Build.0 = Debug|x64
		{C9443DCC-C902-4CBB-869B-9BFF85013E92}.Debug|x86.ActiveCfg = Debug|Win32
		{C9443DCC-C902-4CBB-869B-9BFF85013E92}.Debug|x86.Build.0 = Debug|Win32
		{C9443DCC-C902-4CBB-869B-9BFF85013E92}.Release|x64.ActiveCfg = Release|x64
		{C9443DCC-C902-4CBB-869B-9BFF85013E92}.Release|x64.Build.0 = Release|x64
		{C9443DCC-C902-4CBB-869B-9BFF85013E92}.Release|x86.ActiveCfg = Release|Win32
		{C9443DCC-C902-4CBB-869B-9BFF85013E92}.Release|x86.Build.0 = Release|Win32
	EndGlobalSection
	GlobalSection(SolutionProperties) = preSolution
		HideSolutionNode = FALSE
	EndGlobalSection
	GlobalSection(ExtensibilityGlobals) = postSolution
		SolutionGuid = {195D5DB3-D88F-440A-BC28-83C8D526280D}
	EndGlobalSection
EndGlobal
