
Microsoft Visual Studio Solution File, Format Version 12.00
# Visual Studio Version 17
VisualStudioVersion = 17.2.32630.192
MinimumVisualStudioVersion = 10.0.40219.1
Project("{8BC9CEB8-8B4A-11D0-8D11-00A0C91BC942}") = "Bai 049", "Bai 049\Bai 049.vcxproj", "{BCC95683-9BBE-4295-A2A9-AE1DF5CD07D9}"
EndProject
Project("{8BC9CEB8-8B4A-11D0-8D11-00A0C91BC942}") = "Bai 050", "Bai 050\Bai 050.vcxproj", "{E65F051B-7EB0-415A-8CA8-6411801D1E84}"
EndProject
Project("{8BC9CEB8-8B4A-11D0-8D11-00A0C91BC942}") = "Bai 051", "Bai 051\Bai 051.vcxproj", "{B64B0DEA-C284-41EA-A31A-20AA814D08DD}"
EndProject
Project("{8BC9CEB8-8B4A-11D0-8D11-00A0C91BC942}") = "Bai 052", "Bai 052\Bai 052.vcxproj", "{68693CC7-6CB2-4AA6-ADCC-973314E19665}"
EndProject
Project("{8BC9CEB8-8B4A-11D0-8D11-00A0C91BC942}") = "Bai 053", "Bai 053\Bai 053.vcxproj", "{B9421D5E-6A63-4273-876F-5FF321D9A1D8}"
EndProject
Project("{8BC9CEB8-8B4A-11D0-8D11-00A0C91BC942}") = "Bai 133", "Bai 133\Bai 133.vcxproj", "{53E0DEEA-1BCB-4B24-99FD-EDE4092F425F}"
EndProject
Project("{8BC9CEB8-8B4A-11D0-8D11-00A0C91BC942}") = "Bai 132", "Bai 132\Bai 132.vcxproj", "{CC0E5169-58F7-431D-800F-86A692B029A0}"
EndProject
Project("{8BC9CEB8-8B4A-11D0-8D11-00A0C91BC942}") = "Bai 001", "Bai 001\Bai 001.vcxproj", "{F33328EF-68D0-420A-A402-6BEB62554D1C}"
EndProject
Project("{8BC9CEB8-8B4A-11D0-8D11-00A0C91BC942}") = "Bai 010", "Bai 010\Bai 010.vcxproj", "{AE3BDB3A-D4D9-4DE3-B335-CB55B50BB046}"
EndProject
Project("{8BC9CEB8-8B4A-11D0-8D11-00A0C91BC942}") = "Bai 090", "Bai 090\Bai 090.vcxproj", "{78BAE343-48DD-4FD5-B335-46DF21310F5B}"
EndProject
Project("{8BC9CEB8-8B4A-11D0-8D11-00A0C91BC942}") = "Bai 054", "Bai 054\Bai 054.vcxproj", "{C1B4673D-8F7B-4153-A73C-D930154EDFC4}"
EndProject
Project("{8BC9CEB8-8B4A-11D0-8D11-00A0C91BC942}") = "Bai 055", "Bai 055\Bai 055.vcxproj", "{A2B800B0-AECF-4C33-86E7-872AEA84BFD0}"
EndProject
Project("{8BC9CEB8-8B4A-11D0-8D11-00A0C91BC942}") = "Bai 056", "Bai 056\Bai 056.vcxproj", "{EE7D12B0-AD5D-4920-8A45-B24EC67CBEBA}"
EndProject
Project("{8BC9CEB8-8B4A-11D0-8D11-00A0C91BC942}") = "Bai 057", "Bai 057\Bai 057.vcxproj", "{4906AD9B-4B4F-4CAC-8FDB-D9CE261551BB}"
EndProject
Project("{8BC9CEB8-8B4A-11D0-8D11-00A0C91BC942}") = "Bai 058", "Bai 058\Bai 058.vcxproj", "{54994C13-1D3E-4828-B965-90B3F45C37D3}"
EndProject
Project("{8BC9CEB8-8B4A-11D0-8D11-00A0C91BC942}") = "Bai 059", "Bai 059\Bai 059.vcxproj", "{41EA001E-2D68-4A0C-A0EC-F5E7C6CC407A}"
EndProject
Project("{8BC9CEB8-8B4A-11D0-8D11-00A0C91BC942}") = "Bai 060", "Bai 060\Bai 060.vcxproj", "{A12833C2-71A1-4568-B557-72C44CD8C877}"
EndProject
Project("{8BC9CEB8-8B4A-11D0-8D11-00A0C91BC942}") = "Bai 061", "Bai 061\Bai 061.vcxproj", "{CE3722F5-4D3E-4DD1-A19C-03E73D46359D}"
EndProject
Project("{8BC9CEB8-8B4A-11D0-8D11-00A0C91BC942}") = "Bai 062", "Bai 062\Bai 062.vcxproj", "{401098B1-E0A2-491A-88C9-30C0F13B6903}"
EndProject
Project("{8BC9CEB8-8B4A-11D0-8D11-00A0C91BC942}") = "Bai 063", "Bai 063\Bai 063.vcxproj", "{C2253C8F-3243-437C-BB33-2093F967B316}"
EndProject
Project("{8BC9CEB8-8B4A-11D0-8D11-00A0C91BC942}") = "Bai 064", "Bai 064\Bai 064.vcxproj", "{3229F84E-B4A8-41EC-B983-4839EA709BE0}"
EndProject
Project("{8BC9CEB8-8B4A-11D0-8D11-00A0C91BC942}") = "Bai 065", "Bai 065\Bai 065.vcxproj", "{BBA64772-FFBE-4E9D-A6D0-4A0D6D9E6FE3}"
EndProject
Project("{8BC9CEB8-8B4A-11D0-8D11-00A0C91BC942}") = "Bai 066", "Bai 066\Bai 066.vcxproj", "{84CBDC07-3E25-4D7A-81B0-4A580C944BDE}"
EndProject
Project("{8BC9CEB8-8B4A-11D0-8D11-00A0C91BC942}") = "Bai 067", "Bai 067\Bai 067.vcxproj", "{4CAA16A8-FEF9-4202-B5AC-A36BA5D2542B}"
EndProject
Project("{8BC9CEB8-8B4A-11D0-8D11-00A0C91BC942}") = "Bai 068", "Bai 068\Bai 068.vcxproj", "{4833764E-78FD-4FF2-A515-EAFCC300F831}"
EndProject
Global
	GlobalSection(SolutionConfigurationPlatforms) = preSolution
		Debug|x64 = Debug|x64
		Debug|x86 = Debug|x86
		Release|x64 = Release|x64
		Release|x86 = Release|x86
	EndGlobalSection
	GlobalSection(ProjectConfigurationPlatforms) = postSolution
		{BCC95683-9BBE-4295-A2A9-AE1DF5CD07D9}.Debug|x64.ActiveCfg = Debug|x64
		{BCC95683-9BBE-4295-A2A9-AE1DF5CD07D9}.Debug|x64.Build.0 = Debug|x64
		{BCC95683-9BBE-4295-A2A9-AE1DF5CD07D9}.Debug|x86.ActiveCfg = Debug|Win32
		{BCC95683-9BBE-4295-A2A9-AE1DF5CD07D9}.Debug|x86.Build.0 = Debug|Win32
		{BCC95683-9BBE-4295-A2A9-AE1DF5CD07D9}.Release|x64.ActiveCfg = Release|x64
		{BCC95683-9BBE-4295-A2A9-AE1DF5CD07D9}.Release|x64.Build.0 = Release|x64
		{BCC95683-9BBE-4295-A2A9-AE1DF5CD07D9}.Release|x86.ActiveCfg = Release|Win32
		{BCC95683-9BBE-4295-A2A9-AE1DF5CD07D9}.Release|x86.Build.0 = Release|Win32
		{E65F051B-7EB0-415A-8CA8-6411801D1E84}.Debug|x64.ActiveCfg = Debug|x64
		{E65F051B-7EB0-415A-8CA8-6411801D1E84}.Debug|x64.Build.0 = Debug|x64
		{E65F051B-7EB0-415A-8CA8-6411801D1E84}.Debug|x86.ActiveCfg = Debug|Win32
		{E65F051B-7EB0-415A-8CA8-6411801D1E84}.Debug|x86.Build.0 = Debug|Win32
		{E65F051B-7EB0-415A-8CA8-6411801D1E84}.Release|x64.ActiveCfg = Release|x64
		{E65F051B-7EB0-415A-8CA8-6411801D1E84}.Release|x64.Build.0 = Release|x64
		{E65F051B-7EB0-415A-8CA8-6411801D1E84}.Release|x86.ActiveCfg = Release|Win32
		{E65F051B-7EB0-415A-8CA8-6411801D1E84}.Release|x86.Build.0 = Release|Win32
		{B64B0DEA-C284-41EA-A31A-20AA814D08DD}.Debug|x64.ActiveCfg = Debug|x64
		{B64B0DEA-C284-41EA-A31A-20AA814D08DD}.Debug|x64.Build.0 = Debug|x64
		{B64B0DEA-C284-41EA-A31A-20AA814D08DD}.Debug|x86.ActiveCfg = Debug|Win32
		{B64B0DEA-C284-41EA-A31A-20AA814D08DD}.Debug|x86.Build.0 = Debug|Win32
		{B64B0DEA-C284-41EA-A31A-20AA814D08DD}.Release|x64.ActiveCfg = Release|x64
		{B64B0DEA-C284-41EA-A31A-20AA814D08DD}.Release|x64.Build.0 = Release|x64
		{B64B0DEA-C284-41EA-A31A-20AA814D08DD}.Release|x86.ActiveCfg = Release|Win32
		{B64B0DEA-C284-41EA-A31A-20AA814D08DD}.Release|x86.Build.0 = Release|Win32
		{68693CC7-6CB2-4AA6-ADCC-973314E19665}.Debug|x64.ActiveCfg = Debug|x64
		{68693CC7-6CB2-4AA6-ADCC-973314E19665}.Debug|x64.Build.0 = Debug|x64
		{68693CC7-6CB2-4AA6-ADCC-973314E19665}.Debug|x86.ActiveCfg = Debug|Win32
		{68693CC7-6CB2-4AA6-ADCC-973314E19665}.Debug|x86.Build.0 = Debug|Win32
		{68693CC7-6CB2-4AA6-ADCC-973314E19665}.Release|x64.ActiveCfg = Release|x64
		{68693CC7-6CB2-4AA6-ADCC-973314E19665}.Release|x64.Build.0 = Release|x64
		{68693CC7-6CB2-4AA6-ADCC-973314E19665}.Release|x86.ActiveCfg = Release|Win32
		{68693CC7-6CB2-4AA6-ADCC-973314E19665}.Release|x86.Build.0 = Release|Win32
		{B9421D5E-6A63-4273-876F-5FF321D9A1D8}.Debug|x64.ActiveCfg = Debug|x64
		{B9421D5E-6A63-4273-876F-5FF321D9A1D8}.Debug|x64.Build.0 = Debug|x64
		{B9421D5E-6A63-4273-876F-5FF321D9A1D8}.Debug|x86.ActiveCfg = Debug|Win32
		{B9421D5E-6A63-4273-876F-5FF321D9A1D8}.Debug|x86.Build.0 = Debug|Win32
		{B9421D5E-6A63-4273-876F-5FF321D9A1D8}.Release|x64.ActiveCfg = Release|x64
		{B9421D5E-6A63-4273-876F-5FF321D9A1D8}.Release|x64.Build.0 = Release|x64
		{B9421D5E-6A63-4273-876F-5FF321D9A1D8}.Release|x86.ActiveCfg = Release|Win32
		{B9421D5E-6A63-4273-876F-5FF321D9A1D8}.Release|x86.Build.0 = Release|Win32
		{53E0DEEA-1BCB-4B24-99FD-EDE4092F425F}.Debug|x64.ActiveCfg = Debug|x64
		{53E0DEEA-1BCB-4B24-99FD-EDE4092F425F}.Debug|x64.Build.0 = Debug|x64
		{53E0DEEA-1BCB-4B24-99FD-EDE4092F425F}.Debug|x86.ActiveCfg = Debug|Win32
		{53E0DEEA-1BCB-4B24-99FD-EDE4092F425F}.Debug|x86.Build.0 = Debug|Win32
		{53E0DEEA-1BCB-4B24-99FD-EDE4092F425F}.Release|x64.ActiveCfg = Release|x64
		{53E0DEEA-1BCB-4B24-99FD-EDE4092F425F}.Release|x64.Build.0 = Release|x64
		{53E0DEEA-1BCB-4B24-99FD-EDE4092F425F}.Release|x86.ActiveCfg = Release|Win32
		{53E0DEEA-1BCB-4B24-99FD-EDE4092F425F}.Release|x86.Build.0 = Release|Win32
		{CC0E5169-58F7-431D-800F-86A692B029A0}.Debug|x64.ActiveCfg = Debug|x64
		{CC0E5169-58F7-431D-800F-86A692B029A0}.Debug|x64.Build.0 = Debug|x64
		{CC0E5169-58F7-431D-800F-86A692B029A0}.Debug|x86.ActiveCfg = Debug|Win32
		{CC0E5169-58F7-431D-800F-86A692B029A0}.Debug|x86.Build.0 = Debug|Win32
		{CC0E5169-58F7-431D-800F-86A692B029A0}.Release|x64.ActiveCfg = Release|x64
		{CC0E5169-58F7-431D-800F-86A692B029A0}.Release|x64.Build.0 = Release|x64
		{CC0E5169-58F7-431D-800F-86A692B029A0}.Release|x86.ActiveCfg = Release|Win32
		{CC0E5169-58F7-431D-800F-86A692B029A0}.Release|x86.Build.0 = Release|Win32
		{F33328EF-68D0-420A-A402-6BEB62554D1C}.Debug|x64.ActiveCfg = Debug|x64
		{F33328EF-68D0-420A-A402-6BEB62554D1C}.Debug|x64.Build.0 = Debug|x64
		{F33328EF-68D0-420A-A402-6BEB62554D1C}.Debug|x86.ActiveCfg = Debug|Win32
		{F33328EF-68D0-420A-A402-6BEB62554D1C}.Debug|x86.Build.0 = Debug|Win32
		{F33328EF-68D0-420A-A402-6BEB62554D1C}.Release|x64.ActiveCfg = Release|x64
		{F33328EF-68D0-420A-A402-6BEB62554D1C}.Release|x64.Build.0 = Release|x64
		{F33328EF-68D0-420A-A402-6BEB62554D1C}.Release|x86.ActiveCfg = Release|Win32
		{F33328EF-68D0-420A-A402-6BEB62554D1C}.Release|x86.Build.0 = Release|Win32
		{AE3BDB3A-D4D9-4DE3-B335-CB55B50BB046}.Debug|x64.ActiveCfg = Debug|x64
		{AE3BDB3A-D4D9-4DE3-B335-CB55B50BB046}.Debug|x64.Build.0 = Debug|x64
		{AE3BDB3A-D4D9-4DE3-B335-CB55B50BB046}.Debug|x86.ActiveCfg = Debug|Win32
		{AE3BDB3A-D4D9-4DE3-B335-CB55B50BB046}.Debug|x86.Build.0 = Debug|Win32
		{AE3BDB3A-D4D9-4DE3-B335-CB55B50BB046}.Release|x64.ActiveCfg = Release|x64
		{AE3BDB3A-D4D9-4DE3-B335-CB55B50BB046}.Release|x64.Build.0 = Release|x64
		{AE3BDB3A-D4D9-4DE3-B335-CB55B50BB046}.Release|x86.ActiveCfg = Release|Win32
		{AE3BDB3A-D4D9-4DE3-B335-CB55B50BB046}.Release|x86.Build.0 = Release|Win32
		{78BAE343-48DD-4FD5-B335-46DF21310F5B}.Debug|x64.ActiveCfg = Debug|x64
		{78BAE343-48DD-4FD5-B335-46DF21310F5B}.Debug|x64.Build.0 = Debug|x64
		{78BAE343-48DD-4FD5-B335-46DF21310F5B}.Debug|x86.ActiveCfg = Debug|Win32
		{78BAE343-48DD-4FD5-B335-46DF21310F5B}.Debug|x86.Build.0 = Debug|Win32
		{78BAE343-48DD-4FD5-B335-46DF21310F5B}.Release|x64.ActiveCfg = Release|x64
		{78BAE343-48DD-4FD5-B335-46DF21310F5B}.Release|x64.Build.0 = Release|x64
		{78BAE343-48DD-4FD5-B335-46DF21310F5B}.Release|x86.ActiveCfg = Release|Win32
		{78BAE343-48DD-4FD5-B335-46DF21310F5B}.Release|x86.Build.0 = Release|Win32
		{C1B4673D-8F7B-4153-A73C-D930154EDFC4}.Debug|x64.ActiveCfg = Debug|x64
		{C1B4673D-8F7B-4153-A73C-D930154EDFC4}.Debug|x64.Build.0 = Debug|x64
		{C1B4673D-8F7B-4153-A73C-D930154EDFC4}.Debug|x86.ActiveCfg = Debug|Win32
		{C1B4673D-8F7B-4153-A73C-D930154EDFC4}.Debug|x86.Build.0 = Debug|Win32
		{C1B4673D-8F7B-4153-A73C-D930154EDFC4}.Release|x64.ActiveCfg = Release|x64
		{C1B4673D-8F7B-4153-A73C-D930154EDFC4}.Release|x64.Build.0 = Release|x64
		{C1B4673D-8F7B-4153-A73C-D930154EDFC4}.Release|x86.ActiveCfg = Release|Win32
		{C1B4673D-8F7B-4153-A73C-D930154EDFC4}.Release|x86.Build.0 = Release|Win32
		{A2B800B0-AECF-4C33-86E7-872AEA84BFD0}.Debug|x64.ActiveCfg = Debug|x64
		{A2B800B0-AECF-4C33-86E7-872AEA84BFD0}.Debug|x64.Build.0 = Debug|x64
		{A2B800B0-AECF-4C33-86E7-872AEA84BFD0}.Debug|x86.ActiveCfg = Debug|Win32
		{A2B800B0-AECF-4C33-86E7-872AEA84BFD0}.Debug|x86.Build.0 = Debug|Win32
		{A2B800B0-AECF-4C33-86E7-872AEA84BFD0}.Release|x64.ActiveCfg = Release|x64
		{A2B800B0-AECF-4C33-86E7-872AEA84BFD0}.Release|x64.Build.0 = Release|x64
		{A2B800B0-AECF-4C33-86E7-872AEA84BFD0}.Release|x86.ActiveCfg = Release|Win32
		{A2B800B0-AECF-4C33-86E7-872AEA84BFD0}.Release|x86.Build.0 = Release|Win32
		{EE7D12B0-AD5D-4920-8A45-B24EC67CBEBA}.Debug|x64.ActiveCfg = Debug|x64
		{EE7D12B0-AD5D-4920-8A45-B24EC67CBEBA}.Debug|x64.Build.0 = Debug|x64
		{EE7D12B0-AD5D-4920-8A45-B24EC67CBEBA}.Debug|x86.ActiveCfg = Debug|Win32
		{EE7D12B0-AD5D-4920-8A45-B24EC67CBEBA}.Debug|x86.Build.0 = Debug|Win32
		{EE7D12B0-AD5D-4920-8A45-B24EC67CBEBA}.Release|x64.ActiveCfg = Release|x64
		{EE7D12B0-AD5D-4920-8A45-B24EC67CBEBA}.Release|x64.Build.0 = Release|x64
		{EE7D12B0-AD5D-4920-8A45-B24EC67CBEBA}.Release|x86.ActiveCfg = Release|Win32
		{EE7D12B0-AD5D-4920-8A45-B24EC67CBEBA}.Release|x86.Build.0 = Release|Win32
		{4906AD9B-4B4F-4CAC-8FDB-D9CE261551BB}.Debug|x64.ActiveCfg = Debug|x64
		{4906AD9B-4B4F-4CAC-8FDB-D9CE261551BB}.Debug|x64.Build.0 = Debug|x64
		{4906AD9B-4B4F-4CAC-8FDB-D9CE261551BB}.Debug|x86.ActiveCfg = Debug|Win32
		{4906AD9B-4B4F-4CAC-8FDB-D9CE261551BB}.Debug|x86.Build.0 = Debug|Win32
		{4906AD9B-4B4F-4CAC-8FDB-D9CE261551BB}.Release|x64.ActiveCfg = Release|x64
		{4906AD9B-4B4F-4CAC-8FDB-D9CE261551BB}.Release|x64.Build.0 = Release|x64
		{4906AD9B-4B4F-4CAC-8FDB-D9CE261551BB}.Release|x86.ActiveCfg = Release|Win32
		{4906AD9B-4B4F-4CAC-8FDB-D9CE261551BB}.Release|x86.Build.0 = Release|Win32
		{54994C13-1D3E-4828-B965-90B3F45C37D3}.Debug|x64.ActiveCfg = Debug|x64
		{54994C13-1D3E-4828-B965-90B3F45C37D3}.Debug|x64.Build.0 = Debug|x64
		{54994C13-1D3E-4828-B965-90B3F45C37D3}.Debug|x86.ActiveCfg = Debug|Win32
		{54994C13-1D3E-4828-B965-90B3F45C37D3}.Debug|x86.Build.0 = Debug|Win32
		{54994C13-1D3E-4828-B965-90B3F45C37D3}.Release|x64.ActiveCfg = Release|x64
		{54994C13-1D3E-4828-B965-90B3F45C37D3}.Release|x64.Build.0 = Release|x64
		{54994C13-1D3E-4828-B965-90B3F45C37D3}.Release|x86.ActiveCfg = Release|Win32
		{54994C13-1D3E-4828-B965-90B3F45C37D3}.Release|x86.Build.0 = Release|Win32
		{41EA001E-2D68-4A0C-A0EC-F5E7C6CC407A}.Debug|x64.ActiveCfg = Debug|x64
		{41EA001E-2D68-4A0C-A0EC-F5E7C6CC407A}.Debug|x64.Build.0 = Debug|x64
		{41EA001E-2D68-4A0C-A0EC-F5E7C6CC407A}.Debug|x86.ActiveCfg = Debug|Win32
		{41EA001E-2D68-4A0C-A0EC-F5E7C6CC407A}.Debug|x86.Build.0 = Debug|Win32
		{41EA001E-2D68-4A0C-A0EC-F5E7C6CC407A}.Release|x64.ActiveCfg = Release|x64
		{41EA001E-2D68-4A0C-A0EC-F5E7C6CC407A}.Release|x64.Build.0 = Release|x64
		{41EA001E-2D68-4A0C-A0EC-F5E7C6CC407A}.Release|x86.ActiveCfg = Release|Win32
		{41EA001E-2D68-4A0C-A0EC-F5E7C6CC407A}.Release|x86.Build.0 = Release|Win32
		{A12833C2-71A1-4568-B557-72C44CD8C877}.Debug|x64.ActiveCfg = Debug|x64
		{A12833C2-71A1-4568-B557-72C44CD8C877}.Debug|x64.Build.0 = Debug|x64
		{A12833C2-71A1-4568-B557-72C44CD8C877}.Debug|x86.ActiveCfg = Debug|Win32
		{A12833C2-71A1-4568-B557-72C44CD8C877}.Debug|x86.Build.0 = Debug|Win32
		{A12833C2-71A1-4568-B557-72C44CD8C877}.Release|x64.ActiveCfg = Release|x64
		{A12833C2-71A1-4568-B557-72C44CD8C877}.Release|x64.Build.0 = Release|x64
		{A12833C2-71A1-4568-B557-72C44CD8C877}.Release|x86.ActiveCfg = Release|Win32
		{A12833C2-71A1-4568-B557-72C44CD8C877}.Release|x86.Build.0 = Release|Win32
		{CE3722F5-4D3E-4DD1-A19C-03E73D46359D}.Debug|x64.ActiveCfg = Debug|x64
		{CE3722F5-4D3E-4DD1-A19C-03E73D46359D}.Debug|x64.Build.0 = Debug|x64
		{CE3722F5-4D3E-4DD1-A19C-03E73D46359D}.Debug|x86.ActiveCfg = Debug|Win32
		{CE3722F5-4D3E-4DD1-A19C-03E73D46359D}.Debug|x86.Build.0 = Debug|Win32
		{CE3722F5-4D3E-4DD1-A19C-03E73D46359D}.Release|x64.ActiveCfg = Release|x64
		{CE3722F5-4D3E-4DD1-A19C-03E73D46359D}.Release|x64.Build.0 = Release|x64
		{CE3722F5-4D3E-4DD1-A19C-03E73D46359D}.Release|x86.ActiveCfg = Release|Win32
		{CE3722F5-4D3E-4DD1-A19C-03E73D46359D}.Release|x86.Build.0 = Release|Win32
		{401098B1-E0A2-491A-88C9-30C0F13B6903}.Debug|x64.ActiveCfg = Debug|x64
		{401098B1-E0A2-491A-88C9-30C0F13B6903}.Debug|x64.Build.0 = Debug|x64
		{401098B1-E0A2-491A-88C9-30C0F13B6903}.Debug|x86.ActiveCfg = Debug|Win32
		{401098B1-E0A2-491A-88C9-30C0F13B6903}.Debug|x86.Build.0 = Debug|Win32
		{401098B1-E0A2-491A-88C9-30C0F13B6903}.Release|x64.ActiveCfg = Release|x64
		{401098B1-E0A2-491A-88C9-30C0F13B6903}.Release|x64.Build.0 = Release|x64
		{401098B1-E0A2-491A-88C9-30C0F13B6903}.Release|x86.ActiveCfg = Release|Win32
		{401098B1-E0A2-491A-88C9-30C0F13B6903}.Release|x86.Build.0 = Release|Win32
		{C2253C8F-3243-437C-BB33-2093F967B316}.Debug|x64.ActiveCfg = Debug|x64
		{C2253C8F-3243-437C-BB33-2093F967B316}.Debug|x64.Build.0 = Debug|x64
		{C2253C8F-3243-437C-BB33-2093F967B316}.Debug|x86.ActiveCfg = Debug|Win32
		{C2253C8F-3243-437C-BB33-2093F967B316}.Debug|x86.Build.0 = Debug|Win32
		{C2253C8F-3243-437C-BB33-2093F967B316}.Release|x64.ActiveCfg = Release|x64
		{C2253C8F-3243-437C-BB33-2093F967B316}.Release|x64.Build.0 = Release|x64
		{C2253C8F-3243-437C-BB33-2093F967B316}.Release|x86.ActiveCfg = Release|Win32
		{C2253C8F-3243-437C-BB33-2093F967B316}.Release|x86.Build.0 = Release|Win32
		{3229F84E-B4A8-41EC-B983-4839EA709BE0}.Debug|x64.ActiveCfg = Debug|x64
		{3229F84E-B4A8-41EC-B983-4839EA709BE0}.Debug|x64.Build.0 = Debug|x64
		{3229F84E-B4A8-41EC-B983-4839EA709BE0}.Debug|x86.ActiveCfg = Debug|Win32
		{3229F84E-B4A8-41EC-B983-4839EA709BE0}.Debug|x86.Build.0 = Debug|Win32
		{3229F84E-B4A8-41EC-B983-4839EA709BE0}.Release|x64.ActiveCfg = Release|x64
		{3229F84E-B4A8-41EC-B983-4839EA709BE0}.Release|x64.Build.0 = Release|x64
		{3229F84E-B4A8-41EC-B983-4839EA709BE0}.Release|x86.ActiveCfg = Release|Win32
		{3229F84E-B4A8-41EC-B983-4839EA709BE0}.Release|x86.Build.0 = Release|Win32
		{BBA64772-FFBE-4E9D-A6D0-4A0D6D9E6FE3}.Debug|x64.ActiveCfg = Debug|x64
		{BBA64772-FFBE-4E9D-A6D0-4A0D6D9E6FE3}.Debug|x64.Build.0 = Debug|x64
		{BBA64772-FFBE-4E9D-A6D0-4A0D6D9E6FE3}.Debug|x86.ActiveCfg = Debug|Win32
		{BBA64772-FFBE-4E9D-A6D0-4A0D6D9E6FE3}.Debug|x86.Build.0 = Debug|Win32
		{BBA64772-FFBE-4E9D-A6D0-4A0D6D9E6FE3}.Release|x64.ActiveCfg = Release|x64
		{BBA64772-FFBE-4E9D-A6D0-4A0D6D9E6FE3}.Release|x64.Build.0 = Release|x64
		{BBA64772-FFBE-4E9D-A6D0-4A0D6D9E6FE3}.Release|x86.ActiveCfg = Release|Win32
		{BBA64772-FFBE-4E9D-A6D0-4A0D6D9E6FE3}.Release|x86.Build.0 = Release|Win32
		{84CBDC07-3E25-4D7A-81B0-4A580C944BDE}.Debug|x64.ActiveCfg = Debug|x64
		{84CBDC07-3E25-4D7A-81B0-4A580C944BDE}.Debug|x64.Build.0 = Debug|x64
		{84CBDC07-3E25-4D7A-81B0-4A580C944BDE}.Debug|x86.ActiveCfg = Debug|Win32
		{84CBDC07-3E25-4D7A-81B0-4A580C944BDE}.Debug|x86.Build.0 = Debug|Win32
		{84CBDC07-3E25-4D7A-81B0-4A580C944BDE}.Release|x64.ActiveCfg = Release|x64
		{84CBDC07-3E25-4D7A-81B0-4A580C944BDE}.Release|x64.Build.0 = Release|x64
		{84CBDC07-3E25-4D7A-81B0-4A580C944BDE}.Release|x86.ActiveCfg = Release|Win32
		{84CBDC07-3E25-4D7A-81B0-4A580C944BDE}.Release|x86.Build.0 = Release|Win32
		{4CAA16A8-FEF9-4202-B5AC-A36BA5D2542B}.Debug|x64.ActiveCfg = Debug|x64
		{4CAA16A8-FEF9-4202-B5AC-A36BA5D2542B}.Debug|x64.Build.0 = Debug|x64
		{4CAA16A8-FEF9-4202-B5AC-A36BA5D2542B}.Debug|x86.ActiveCfg = Debug|Win32
		{4CAA16A8-FEF9-4202-B5AC-A36BA5D2542B}.Debug|x86.Build.0 = Debug|Win32
		{4CAA16A8-FEF9-4202-B5AC-A36BA5D2542B}.Release|x64.ActiveCfg = Release|x64
		{4CAA16A8-FEF9-4202-B5AC-A36BA5D2542B}.Release|x64.Build.0 = Release|x64
		{4CAA16A8-FEF9-4202-B5AC-A36BA5D2542B}.Release|x86.ActiveCfg = Release|Win32
		{4CAA16A8-FEF9-4202-B5AC-A36BA5D2542B}.Release|x86.Build.0 = Release|Win32
		{4833764E-78FD-4FF2-A515-EAFCC300F831}.Debug|x64.ActiveCfg = Debug|x64
		{4833764E-78FD-4FF2-A515-EAFCC300F831}.Debug|x64.Build.0 = Debug|x64
		{4833764E-78FD-4FF2-A515-EAFCC300F831}.Debug|x86.ActiveCfg = Debug|Win32
		{4833764E-78FD-4FF2-A515-EAFCC300F831}.Debug|x86.Build.0 = Debug|Win32
		{4833764E-78FD-4FF2-A515-EAFCC300F831}.Release|x64.ActiveCfg = Release|x64
		{4833764E-78FD-4FF2-A515-EAFCC300F831}.Release|x64.Build.0 = Release|x64
		{4833764E-78FD-4FF2-A515-EAFCC300F831}.Release|x86.ActiveCfg = Release|Win32
		{4833764E-78FD-4FF2-A515-EAFCC300F831}.Release|x86.Build.0 = Release|Win32
	EndGlobalSection
	GlobalSection(SolutionProperties) = preSolution
		HideSolutionNode = FALSE
	EndGlobalSection
	GlobalSection(ExtensibilityGlobals) = postSolution
		SolutionGuid = {195D5DB3-D88F-440A-BC28-83C8D526280D}
	EndGlobalSection
EndGlobal
